// !$*UTF8*$!
{
	archiveVersion = 1;
	classes = {
	};
	objectVersion = 46;
	objects = {

/* Begin PBXBuildFile section */
		2C0003311C091253007A17D9 /* AppDelegate.swift in Sources */ = {isa = PBXBuildFile; fileRef = 2C0003301C091253007A17D9 /* AppDelegate.swift */; };
		2C0003331C091253007A17D9 /* ViewController.swift in Sources */ = {isa = PBXBuildFile; fileRef = 2C0003321C091253007A17D9 /* ViewController.swift */; };
		2C0003361C091253007A17D9 /* Main.storyboard in Resources */ = {isa = PBXBuildFile; fileRef = 2C0003341C091253007A17D9 /* Main.storyboard */; };
		2C0003381C091253007A17D9 /* Assets.xcassets in Resources */ = {isa = PBXBuildFile; fileRef = 2C0003371C091253007A17D9 /* Assets.xcassets */; };
		2C00033B1C091253007A17D9 /* LaunchScreen.storyboard in Resources */ = {isa = PBXBuildFile; fileRef = 2C0003391C091253007A17D9 /* LaunchScreen.storyboard */; };
/* End PBXBuildFile section */

/* Begin PBXFileReference section */
		2C00032D1C091253007A17D9 /* ChristinaKeyboard.app */ = {isa = PBXFileReference; explicitFileType = wrapper.application; includeInIndex = 0; path = ChristinaKeyboard.app; sourceTree = BUILT_PRODUCTS_DIR; };
		2C0003301C091253007A17D9 /* AppDelegate.swift */ = {isa = PBXFileReference; lastKnownFileType = sourcecode.swift; path = AppDelegate.swift; sourceTree = "<group>"; };
		2C0003321C091253007A17D9 /* ViewController.swift */ = {isa = PBXFileReference; lastKnownFileType = sourcecode.swift; path = ViewController.swift; sourceTree = "<group>"; };
		2C0003351C091253007A17D9 /* Base */ = {isa = PBXFileReference; lastKnownFileType = file.storyboard; name = Base; path = Base.lproj/Main.storyboard; sourceTree = "<group>"; };
		2C0003371C091253007A17D9 /* Assets.xcassets */ = {isa = PBXFileReference; lastKnownFileType = folder.assetcatalog; path = Assets.xcassets; sourceTree = "<group>"; };
		2C00033A1C091253007A17D9 /* Base */ = {isa = PBXFileReference; lastKnownFileType = file.storyboard; name = Base; path = Base.lproj/LaunchScreen.storyboard; sourceTree = "<group>"; };
		2C00033C1C091253007A17D9 /* Info.plist */ = {isa = PBXFileReference; lastKnownFileType = text.plist.xml; path = Info.plist; sourceTree = "<group>"; };
/* End PBXFileReference section */

/* Begin PBXFrameworksBuildPhase section */
		2C00032A1C091253007A17D9 /* Frameworks */ = {
			isa = PBXFrameworksBuildPhase;
			buildActionMask = 2147483647;
			files = (
			);
			runOnlyForDeploymentPostprocessing = 0;
		};
/* End PBXFrameworksBuildPhase section */

/* Begin PBXGroup section */
		2C0003241C091253007A17D9 = {
			isa = PBXGroup;
			children = (
				2C00032F1C091253007A17D9 /* ChristinaKeyboard */,
				2C00032E1C091253007A17D9 /* Products */,
			);
			sourceTree = "<group>";
		};
		2C00032E1C091253007A17D9 /* Products */ = {
			isa = PBXGroup;
			children = (
				2C00032D1C091253007A17D9 /* ChristinaKeyboard.app */,
			);
			name = Products;
			sourceTree = "<group>";
		};
		2C00032F1C091253007A17D9 /* ChristinaKeyboard */ = {
			isa = PBXGroup;
			children = (
				2C0003301C091253007A17D9 /* AppDelegate.swift */,
				2C0003321C091253007A17D9 /* ViewController.swift */,
				2C0003341C091253007A17D9 /* Main.storyboard */,
				2C0003371C091253007A17D9 /* Assets.xcassets */,
				2C0003391C091253007A17D9 /* LaunchScreen.storyboard */,
				2C00033C1C091253007A17D9 /* Info.plist */,
			);
			path = ChristinaKeyboard;
			sourceTree = "<group>";
		};
/* End PBXGroup section */

/* Begin PBXNativeTarget section */
		2C00032C1C091253007A17D9 /* ChristinaKeyboard */ = {
			isa = PBXNativeTarget;
			buildConfigurationList = 2C00033F1C091253007A17D9 /* Build configuration list for PBXNativeTarget "ChristinaKeyboard" */;
			buildPhases = (
				2C0003291C091253007A17D9 /* Sources */,
				2C00032A1C091253007A17D9 /* Frameworks */,
				2C00032B1C091253007A17D9 /* Resources */,
			);
			buildRules = (
			);
			dependencies = (
			);
			name = ChristinaKeyboard;
			productName = ChristinaKeyboard;
			productReference = 2C00032D1C091253007A17D9 /* ChristinaKeyboard.app */;
			productType = "com.apple.product-type.application";
		};
/* End PBXNativeTarget section */

/* Begin PBXProject section */
		2C0003251C091253007A17D9 /* Project object */ = {
			isa = PBXProject;
			attributes = {
				LastSwiftUpdateCheck = 0710;
				LastUpgradeCheck = 0710;
				ORGANIZATIONNAME = Marcus;
				TargetAttributes = {
					2C00032C1C091253007A17D9 = {
						CreatedOnToolsVersion = 7.1.1;
					};
				};
			};
			buildConfigurationList = 2C0003281C091253007A17D9 /* Build configuration list for PBXProject "ChristinaKeyboard" */;
			compatibilityVersion = "Xcode 3.2";
			developmentRegion = English;
			hasScannedForEncodings = 0;
			knownRegions = (
				en,
				Base,
			);
			mainGroup = 2C0003241C091253007A17D9;
			productRefGroup = 2C00032E1C091253007A17D9 /* Products */;
			projectDirPath = "";
			projectRoot = "";
			targets = (
				2C00032C1C091253007A17D9 /* ChristinaKeyboard */,
			);
		};
/* End PBXProject section */

/* Begin PBXResourcesBuildPhase section */
		2C00032B1C091253007A17D9 /* Resources */ = {
			isa = PBXResourcesBuildPhase;
			buildActionMask = 2147483647;
			files = (
				2C00033B1C091253007A17D9 /* LaunchScreen.storyboard in Resources */,
				2C0003381C091253007A17D9 /* Assets.xcassets in Resources */,
				2C0003361C091253007A17D9 /* Main.storyboard in Resources */,
			);
			runOnlyForDeploymentPostprocessing = 0;
		};
/* End PBXResourcesBuildPhase section */

/* Begin PBXSourcesBuildPhase section */
		2C0003291C091253007A17D9 /* Sources */ = {
			isa = PBXSourcesBuildPhase;
			buildActionMask = 2147483647;
			files = (
				2C0003331C091253007A17D9 /* ViewController.swift in Sources */,
				2C0003311C091253007A17D9 /* AppDelegate.swift in Sources */,
			);
			runOnlyForDeploymentPostprocessing = 0;
		};
/* End PBXSourcesBuildPhase section */

/* Begin PBXVariantGroup section */
		2C0003341C091253007A17D9 /* Main.storyboard */ = {
			isa = PBXVariantGroup;
			children = (
				2C0003351C091253007A17D9 /* Base */,
			);
			name = Main.storyboard;
			sourceTree = "<group>";
		};
		2C0003391C091253007A17D9 /* LaunchScreen.storyboard */ = {
			isa = PBXVariantGroup;
			children = (
				2C00033A1C091253007A17D9 /* Base */,
			);
			name = LaunchScreen.storyboard;
			sourceTree = "<group>";
		};
/* End PBXVariantGroup section */

/* Begin XCBuildConfiguration section */
		2C00033D1C091253007A17D9 /* Debug */ = {
			isa = XCBuildConfiguration;
			buildSettings = {
				ALWAYS_SEARCH_USER_PATHS = NO;
				CLANG_CXX_LANGUAGE_STANDARD = "gnu++0x";
				CLANG_CXX_LIBRARY = "libc++";
				CLANG_ENABLE_MODULES = YES;
				CLANG_ENABLE_OBJC_ARC = YES;
				CLANG_WARN_BOOL_CONVERSION = YES;
				CLANG_WARN_CONSTANT_CONVERSION = YES;
				CLANG_WARN_DIRECT_OBJC_ISA_USAGE = YES_ERROR;
				CLANG_WARN_EMPTY_BODY = YES;
				CLANG_WARN_ENUM_CONVERSION = YES;
				CLANG_WARN_INT_CONVERSION = YES;
				CLANG_WARN_OBJC_ROOT_CLASS = YES_ERROR;
				CLANG_WARN_UNREACHABLE_CODE = YES;
				CLANG_WARN__DUPLICATE_METHOD_MATCH = YES;
				"CODE_SIGN_IDENTITY[sdk=iphoneos*]" = "iPhone Developer";
				COPY_PHASE_STRIP = NO;
				DEBUG_INFORMATION_FORMAT = dwarf;
				ENABLE_STRICT_OBJC_MSGSEND = YES;
				ENABLE_TESTABILITY = YES;
				GCC_C_LANGUAGE_STANDARD = gnu99;
				GCC_DYNAMIC_NO_PIC = NO;
				GCC_NO_COMMON_BLOCKS = YES;
				GCC_OPTIMIZATION_LEVEL = 0;
				GCC_PREPROCESSOR_DEFINITIONS = (
					"DEBUG=1",
					"$(inherited)",
				);
				GCC_WARN_64_TO_32_BIT_CONVERSION = YES;
				GCC_WARN_ABOUT_RETURN_TYPE = YES_ERROR;
				GCC_WARN_UNDECLARED_SELECTOR = YES;
				GCC_WARN_UNINITIALIZED_AUTOS = YES_AGGRESSIVE;
				GCC_WARN_UNUSED_FUNCTION = YES;
				GCC_WARN_UNUSED_VARIABLE = YES;
				IPHONEOS_DEPLOYMENT_TARGET = 9.1;
				MTL_ENABLE_DEBUG_INFO = YES;
				ONLY_ACTIVE_ARCH = YES;
				SDKROOT = iphoneos;
				SWIFT_OPTIMIZATION_LEVEL = "-Onone";
				TARGETED_DEVICE_FAMILY = "1,2";
			};
			name = Debug;
		};
		2C00033E1C091253007A17D9 /* Release */ = {
			isa = XCBuildConfiguration;
			buildSettings = {
				ALWAYS_SEARCH_USER_PATHS = NO;
				CLANG_CXX_LANGUAGE_STANDARD = "gnu++0x";
				CLANG_CXX_LIBRARY = "libc++";
				CLANG_ENABLE_MODULES = YES;
				CLANG_ENABLE_OBJC_ARC = YES;
				CLANG_WARN_BOOL_CONVERSION = YES;
				CLANG_WARN_CONSTANT_CONVERSION = YES;
				CLANG_WARN_DIRECT_OBJC_ISA_USAGE = YES_ERROR;
				CLANG_WARN_EMPTY_BODY = YES;
				CLANG_WARN_ENUM_CONVERSION = YES;
				CLANG_WARN_INT_CONVERSION = YES;
				CLANG_WARN_OBJC_ROOT_CLASS = YES_ERROR;
				CLANG_WARN_UNREACHABLE_CODE = YES;
				CLANG_WARN__DUPLICATE_METHOD_MATCH = YES;
				"CODE_SIGN_IDENTITY[sdk=iphoneos*]" = "iPhone Developer";
				COPY_PHASE_STRIP = NO;
				DEBUG_INFORMATION_FORMAT = "dwarf-with-dsym";
				ENABLE_NS_ASSERTIONS = NO;
				ENABLE_STRICT_OBJC_MSGSEND = YES;
				GCC_C_LANGUAGE_STANDARD = gnu99;
				GCC_NO_COMMON_BLOCKS = YES;
				GCC_WARN_64_TO_32_BIT_CONVERSION = YES;
				GCC_WARN_ABOUT_RETURN_TYPE = YES_ERROR;
				GCC_WARN_UNDECLARED_SELECTOR = YES;
				GCC_WARN_UNINITIALIZED_AUTOS = YES_AGGRESSIVE;
				GCC_WARN_UNUSED_FUNCTION = YES;
				GCC_WARN_UNUSED_VARIABLE = YES;
				IPHONEOS_DEPLOYMENT_TARGET = 9.1;
				MTL_ENABLE_DEBUG_INFO = NO;
				SDKROOT = iphoneos;
				TARGETED_DEVICE_FAMILY = "1,2";
				VALIDATE_PRODUCT = YES;
			};
			name = Release;
		};
		2C0003401C091253007A17D9 /* Debug */ = {
			isa = XCBuildConfiguration;
			buildSettings = {
				ASSETCATALOG_COMPILER_APPICON_NAME = AppIcon;
				INFOPLIST_FILE = ChristinaKeyboard/Info.plist;
				LD_RUNPATH_SEARCH_PATHS = "$(inherited) @executable_path/Frameworks";
				PRODUCT_BUNDLE_IDENTIFIER = com.marcushirst.ChristinaKeyboard;
				PRODUCT_NAME = "$(TARGET_NAME)";
			};
			name = Debug;
		};
		2C0003411C091253007A17D9 /* Release */ = {
			isa = XCBuildConfiguration;
			buildSettings = {
				ASSETCATALOG_COMPILER_APPICON_NAME = AppIcon;
				INFOPLIST_FILE = ChristinaKeyboard/Info.plist;
				LD_RUNPATH_SEARCH_PATHS = "$(inherited) @executable_path/Frameworks";
				PRODUCT_BUNDLE_IDENTIFIER = com.marcushirst.ChristinaKeyboard;
				PRODUCT_NAME = "$(TARGET_NAME)";
			};
			name = Release;
		};
/* End XCBuildConfiguration section */

/* Begin XCConfigurationList section */
		2C0003281C091253007A17D9 /* Build configuration list for PBXProject "ChristinaKeyboard" */ = {
			isa = XCConfigurationList;
			buildConfigurations = (
				2C00033D1C091253007A17D9 /* Debug */,
				2C00033E1C091253007A17D9 /* Release */,
			);
			defaultConfigurationIsVisible = 0;
			defaultConfigurationName = Release;
		};
		2C00033F1C091253007A17D9 /* Build configuration list for PBXNativeTarget "ChristinaKeyboard" */ = {
			isa = XCConfigurationList;
			buildConfigurations = (
				2C0003401C091253007A17D9 /* Debug */,
				2C0003411C091253007A17D9 /* Release */,
			);
			defaultConfigurationIsVisible = 0;
		};
/* End XCConfigurationList section */
	};
	rootObject = 2C0003251C091253007A17D9 /* Project object */;
}
