// !$*UTF8*$!
{
	archiveVersion = 1;
	classes = {
	};
	objectVersion = 46;
	objects = {

/* Begin PBXBuildFile section */
		2C0003311C091253007A17D9 /* AppDelegate.swift in Sources */ = {isa = PBXBuildFile; fileRef = 2C0003301C091253007A17D9 /* AppDelegate.swift */; };
		2C0003331C091253007A17D9 /* ViewController.swift in Sources */ = {isa = PBXBuildFile; fileRef = 2C0003321C091253007A17D9 /* ViewController.swift */; };
		2C0003361C091253007A17D9 /* Main.storyboard in Resources */ = {isa = PBXBuildFile; fileRef = 2C0003341C091253007A17D9 /* Main.storyboard */; };
		2C0003381C091253007A17D9 /* Assets.xcassets in Resources */ = {isa = PBXBuildFile; fileRef = 2C0003371C091253007A17D9 /* Assets.xcassets */; };
		2C00033B1C091253007A17D9 /* LaunchScreen.storyboard in Resources */ = {isa = PBXBuildFile; fileRef = 2C0003391C091253007A17D9 /* LaunchScreen.storyboard */; };
		2C0003491C0912C0007A17D9 /* KeyboardViewController.swift in Sources */ = {isa = PBXBuildFile; fileRef = 2C0003481C0912C0007A17D9 /* KeyboardViewController.swift */; };
		2C00034D1C0912C0007A17D9 /* CKeyboard.appex in Embed App Extensions */ = {isa = PBXBuildFile; fileRef = 2C0003461C0912C0007A17D9 /* CKeyboard.appex */; settings = {ATTRIBUTES = (RemoveHeadersOnCopy, ); }; };
		2C1DD3071C09327A007E31C4 /* 341-keyboard@3x.png in Resources */ = {isa = PBXBuildFile; fileRef = 2C1DD3061C09327A007E31C4 /* 341-keyboard@3x.png */; };
		2C1DD3081C09327A007E31C4 /* 341-keyboard@3x.png in Resources */ = {isa = PBXBuildFile; fileRef = 2C1DD3061C09327A007E31C4 /* 341-keyboard@3x.png */; };
		2C1DD30A1C093475007E31C4 /* 888-checkmark@2x.png in Resources */ = {isa = PBXBuildFile; fileRef = 2C1DD3091C093475007E31C4 /* 888-checkmark@2x.png */; };
		2C1DD30B1C093475007E31C4 /* 888-checkmark@2x.png in Resources */ = {isa = PBXBuildFile; fileRef = 2C1DD3091C093475007E31C4 /* 888-checkmark@2x.png */; };
		2C2799171C0A57DB004B80CC /* 342-delete@3x.png in Resources */ = {isa = PBXBuildFile; fileRef = 2C2799161C0A57DB004B80CC /* 342-delete@3x.png */; };
		2C2799181C0A57DB004B80CC /* 342-delete@3x.png in Resources */ = {isa = PBXBuildFile; fileRef = 2C2799161C0A57DB004B80CC /* 342-delete@3x.png */; };
		2C27991A1C0A57F0004B80CC /* 433-x@2x.png in Resources */ = {isa = PBXBuildFile; fileRef = 2C2799191C0A57F0004B80CC /* 433-x@2x.png */; };
		2C27991B1C0A57F0004B80CC /* 433-x@2x.png in Resources */ = {isa = PBXBuildFile; fileRef = 2C2799191C0A57F0004B80CC /* 433-x@2x.png */; };
		2C63FB3F1C0B29E5009B639E /* image-15.gif in Resources */ = {isa = PBXBuildFile; fileRef = 2C63FB231C0B29E5009B639E /* image-15.gif */; };
		2C63FB401C0B29E5009B639E /* image-15.gif in Resources */ = {isa = PBXBuildFile; fileRef = 2C63FB231C0B29E5009B639E /* image-15.gif */; };
		2C63FB411C0B29E5009B639E /* image-16.gif in Resources */ = {isa = PBXBuildFile; fileRef = 2C63FB241C0B29E5009B639E /* image-16.gif */; };
		2C63FB421C0B29E5009B639E /* image-16.gif in Resources */ = {isa = PBXBuildFile; fileRef = 2C63FB241C0B29E5009B639E /* image-16.gif */; };
		2C63FB431C0B29E5009B639E /* image-17.gif in Resources */ = {isa = PBXBuildFile; fileRef = 2C63FB251C0B29E5009B639E /* image-17.gif */; };
		2C63FB441C0B29E5009B639E /* image-17.gif in Resources */ = {isa = PBXBuildFile; fileRef = 2C63FB251C0B29E5009B639E /* image-17.gif */; };
		2C63FB451C0B29E5009B639E /* image-18.gif in Resources */ = {isa = PBXBuildFile; fileRef = 2C63FB261C0B29E5009B639E /* image-18.gif */; };
		2C63FB461C0B29E5009B639E /* image-18.gif in Resources */ = {isa = PBXBuildFile; fileRef = 2C63FB261C0B29E5009B639E /* image-18.gif */; };
		2C63FB471C0B29E5009B639E /* image-19.gif in Resources */ = {isa = PBXBuildFile; fileRef = 2C63FB271C0B29E5009B639E /* image-19.gif */; };
		2C63FB481C0B29E5009B639E /* image-19.gif in Resources */ = {isa = PBXBuildFile; fileRef = 2C63FB271C0B29E5009B639E /* image-19.gif */; };
		2C63FB491C0B29E5009B639E /* image-20.gif in Resources */ = {isa = PBXBuildFile; fileRef = 2C63FB281C0B29E5009B639E /* image-20.gif */; };
		2C63FB4A1C0B29E5009B639E /* image-20.gif in Resources */ = {isa = PBXBuildFile; fileRef = 2C63FB281C0B29E5009B639E /* image-20.gif */; };
		2C63FB4B1C0B29E5009B639E /* image-21.gif in Resources */ = {isa = PBXBuildFile; fileRef = 2C63FB291C0B29E5009B639E /* image-21.gif */; };
		2C63FB4C1C0B29E5009B639E /* image-21.gif in Resources */ = {isa = PBXBuildFile; fileRef = 2C63FB291C0B29E5009B639E /* image-21.gif */; };
		2C63FB4D1C0B29E5009B639E /* image-22.gif in Resources */ = {isa = PBXBuildFile; fileRef = 2C63FB2A1C0B29E5009B639E /* image-22.gif */; };
		2C63FB4E1C0B29E5009B639E /* image-22.gif in Resources */ = {isa = PBXBuildFile; fileRef = 2C63FB2A1C0B29E5009B639E /* image-22.gif */; };
		2C63FB4F1C0B29E5009B639E /* image-23.gif in Resources */ = {isa = PBXBuildFile; fileRef = 2C63FB2B1C0B29E5009B639E /* image-23.gif */; };
		2C63FB501C0B29E5009B639E /* image-23.gif in Resources */ = {isa = PBXBuildFile; fileRef = 2C63FB2B1C0B29E5009B639E /* image-23.gif */; };
		2C63FB511C0B29E5009B639E /* image-24.gif in Resources */ = {isa = PBXBuildFile; fileRef = 2C63FB2C1C0B29E5009B639E /* image-24.gif */; };
		2C63FB521C0B29E5009B639E /* image-24.gif in Resources */ = {isa = PBXBuildFile; fileRef = 2C63FB2C1C0B29E5009B639E /* image-24.gif */; };
		2C63FB531C0B29E5009B639E /* image-25.gif in Resources */ = {isa = PBXBuildFile; fileRef = 2C63FB2D1C0B29E5009B639E /* image-25.gif */; };
		2C63FB541C0B29E5009B639E /* image-25.gif in Resources */ = {isa = PBXBuildFile; fileRef = 2C63FB2D1C0B29E5009B639E /* image-25.gif */; };
		2C63FB551C0B29E5009B639E /* image-26.gif in Resources */ = {isa = PBXBuildFile; fileRef = 2C63FB2E1C0B29E5009B639E /* image-26.gif */; };
		2C63FB561C0B29E5009B639E /* image-26.gif in Resources */ = {isa = PBXBuildFile; fileRef = 2C63FB2E1C0B29E5009B639E /* image-26.gif */; };
		2C63FB571C0B29E5009B639E /* image-27.gif in Resources */ = {isa = PBXBuildFile; fileRef = 2C63FB2F1C0B29E5009B639E /* image-27.gif */; };
		2C63FB581C0B29E5009B639E /* image-27.gif in Resources */ = {isa = PBXBuildFile; fileRef = 2C63FB2F1C0B29E5009B639E /* image-27.gif */; };
		2C63FB591C0B29E5009B639E /* image-28.gif in Resources */ = {isa = PBXBuildFile; fileRef = 2C63FB301C0B29E5009B639E /* image-28.gif */; };
		2C63FB5A1C0B29E5009B639E /* image-28.gif in Resources */ = {isa = PBXBuildFile; fileRef = 2C63FB301C0B29E5009B639E /* image-28.gif */; };
		2C63FB5B1C0B29E5009B639E /* image-29.gif in Resources */ = {isa = PBXBuildFile; fileRef = 2C63FB311C0B29E5009B639E /* image-29.gif */; };
		2C63FB5C1C0B29E5009B639E /* image-29.gif in Resources */ = {isa = PBXBuildFile; fileRef = 2C63FB311C0B29E5009B639E /* image-29.gif */; };
		2C63FB5D1C0B29E5009B639E /* image-30.gif in Resources */ = {isa = PBXBuildFile; fileRef = 2C63FB321C0B29E5009B639E /* image-30.gif */; };
		2C63FB5E1C0B29E5009B639E /* image-30.gif in Resources */ = {isa = PBXBuildFile; fileRef = 2C63FB321C0B29E5009B639E /* image-30.gif */; };
		2C63FB5F1C0B29E5009B639E /* image-31.gif in Resources */ = {isa = PBXBuildFile; fileRef = 2C63FB331C0B29E5009B639E /* image-31.gif */; };
		2C63FB601C0B29E5009B639E /* image-31.gif in Resources */ = {isa = PBXBuildFile; fileRef = 2C63FB331C0B29E5009B639E /* image-31.gif */; };
		2C63FB611C0B29E5009B639E /* image-32.gif in Resources */ = {isa = PBXBuildFile; fileRef = 2C63FB341C0B29E5009B639E /* image-32.gif */; };
		2C63FB621C0B29E5009B639E /* image-32.gif in Resources */ = {isa = PBXBuildFile; fileRef = 2C63FB341C0B29E5009B639E /* image-32.gif */; };
		2C63FB631C0B29E5009B639E /* image-33.gif in Resources */ = {isa = PBXBuildFile; fileRef = 2C63FB351C0B29E5009B639E /* image-33.gif */; };
		2C63FB641C0B29E5009B639E /* image-33.gif in Resources */ = {isa = PBXBuildFile; fileRef = 2C63FB351C0B29E5009B639E /* image-33.gif */; };
		2C63FB651C0B29E5009B639E /* image-34.gif in Resources */ = {isa = PBXBuildFile; fileRef = 2C63FB361C0B29E5009B639E /* image-34.gif */; };
		2C63FB661C0B29E5009B639E /* image-34.gif in Resources */ = {isa = PBXBuildFile; fileRef = 2C63FB361C0B29E5009B639E /* image-34.gif */; };
		2C63FB671C0B29E5009B639E /* image-35.gif in Resources */ = {isa = PBXBuildFile; fileRef = 2C63FB371C0B29E5009B639E /* image-35.gif */; };
		2C63FB681C0B29E5009B639E /* image-35.gif in Resources */ = {isa = PBXBuildFile; fileRef = 2C63FB371C0B29E5009B639E /* image-35.gif */; };
		2C63FB691C0B29E5009B639E /* image-36.gif in Resources */ = {isa = PBXBuildFile; fileRef = 2C63FB381C0B29E5009B639E /* image-36.gif */; };
		2C63FB6A1C0B29E5009B639E /* image-36.gif in Resources */ = {isa = PBXBuildFile; fileRef = 2C63FB381C0B29E5009B639E /* image-36.gif */; };
		2C63FB6B1C0B29E5009B639E /* image-37.gif in Resources */ = {isa = PBXBuildFile; fileRef = 2C63FB391C0B29E5009B639E /* image-37.gif */; };
		2C63FB6C1C0B29E5009B639E /* image-37.gif in Resources */ = {isa = PBXBuildFile; fileRef = 2C63FB391C0B29E5009B639E /* image-37.gif */; };
		2C63FB6D1C0B29E5009B639E /* image-38.gif in Resources */ = {isa = PBXBuildFile; fileRef = 2C63FB3A1C0B29E5009B639E /* image-38.gif */; };
		2C63FB6E1C0B29E5009B639E /* image-38.gif in Resources */ = {isa = PBXBuildFile; fileRef = 2C63FB3A1C0B29E5009B639E /* image-38.gif */; };
		2C63FB6F1C0B29E5009B639E /* image-39.gif in Resources */ = {isa = PBXBuildFile; fileRef = 2C63FB3B1C0B29E5009B639E /* image-39.gif */; };
		2C63FB701C0B29E5009B639E /* image-39.gif in Resources */ = {isa = PBXBuildFile; fileRef = 2C63FB3B1C0B29E5009B639E /* image-39.gif */; };
		2C63FB711C0B29E5009B639E /* image-40.gif in Resources */ = {isa = PBXBuildFile; fileRef = 2C63FB3C1C0B29E5009B639E /* image-40.gif */; };
		2C63FB721C0B29E5009B639E /* image-40.gif in Resources */ = {isa = PBXBuildFile; fileRef = 2C63FB3C1C0B29E5009B639E /* image-40.gif */; };
		2C63FB731C0B29E5009B639E /* image-41.gif in Resources */ = {isa = PBXBuildFile; fileRef = 2C63FB3D1C0B29E5009B639E /* image-41.gif */; };
		2C63FB741C0B29E5009B639E /* image-41.gif in Resources */ = {isa = PBXBuildFile; fileRef = 2C63FB3D1C0B29E5009B639E /* image-41.gif */; };
		2C63FB751C0B29E5009B639E /* image-42.gif in Resources */ = {isa = PBXBuildFile; fileRef = 2C63FB3E1C0B29E5009B639E /* image-42.gif */; };
		2C63FB761C0B29E5009B639E /* image-42.gif in Resources */ = {isa = PBXBuildFile; fileRef = 2C63FB3E1C0B29E5009B639E /* image-42.gif */; };
		2C63FB781C0B2FB9009B639E /* giphy_logo.gif in Resources */ = {isa = PBXBuildFile; fileRef = 2C63FB771C0B2FB9009B639E /* giphy_logo.gif */; };
		2C63FB791C0B2FB9009B639E /* giphy_logo.gif in Resources */ = {isa = PBXBuildFile; fileRef = 2C63FB771C0B2FB9009B639E /* giphy_logo.gif */; };
		2C63FB811C0B49D7009B639E /* ItemModel.swift in Sources */ = {isa = PBXBuildFile; fileRef = 2C63FB801C0B49D7009B639E /* ItemModel.swift */; };
		2C63FB821C0B49D7009B639E /* ItemModel.swift in Sources */ = {isa = PBXBuildFile; fileRef = 2C63FB801C0B49D7009B639E /* ItemModel.swift */; };
		2C9BBF911C0916BC0061FFC7 /* KeyboardView.xib in Resources */ = {isa = PBXBuildFile; fileRef = 2C9BBF901C0916BC0061FFC7 /* KeyboardView.xib */; };
		2C9BBF931C09172B0061FFC7 /* 715-globe-toolbar@3x.png in Resources */ = {isa = PBXBuildFile; fileRef = 2C9BBF921C09172B0061FFC7 /* 715-globe-toolbar@3x.png */; };
		2C9BBF941C09172B0061FFC7 /* 715-globe-toolbar@3x.png in Resources */ = {isa = PBXBuildFile; fileRef = 2C9BBF921C09172B0061FFC7 /* 715-globe-toolbar@3x.png */; };
		2C9BBFA31C091C280061FFC7 /* image-1.gif in Resources */ = {isa = PBXBuildFile; fileRef = 2C9BBF951C091C280061FFC7 /* image-1.gif */; };
		2C9BBFA41C091C280061FFC7 /* image-1.gif in Resources */ = {isa = PBXBuildFile; fileRef = 2C9BBF951C091C280061FFC7 /* image-1.gif */; };
		2C9BBFA51C091C280061FFC7 /* image-2.gif in Resources */ = {isa = PBXBuildFile; fileRef = 2C9BBF961C091C280061FFC7 /* image-2.gif */; };
		2C9BBFA61C091C280061FFC7 /* image-2.gif in Resources */ = {isa = PBXBuildFile; fileRef = 2C9BBF961C091C280061FFC7 /* image-2.gif */; };
		2C9BBFA71C091C280061FFC7 /* image-3.gif in Resources */ = {isa = PBXBuildFile; fileRef = 2C9BBF971C091C280061FFC7 /* image-3.gif */; };
		2C9BBFA81C091C280061FFC7 /* image-3.gif in Resources */ = {isa = PBXBuildFile; fileRef = 2C9BBF971C091C280061FFC7 /* image-3.gif */; };
		2C9BBFA91C091C280061FFC7 /* image-4.gif in Resources */ = {isa = PBXBuildFile; fileRef = 2C9BBF981C091C280061FFC7 /* image-4.gif */; };
		2C9BBFAA1C091C280061FFC7 /* image-4.gif in Resources */ = {isa = PBXBuildFile; fileRef = 2C9BBF981C091C280061FFC7 /* image-4.gif */; };
		2C9BBFAB1C091C280061FFC7 /* image-5.gif in Resources */ = {isa = PBXBuildFile; fileRef = 2C9BBF991C091C280061FFC7 /* image-5.gif */; };
		2C9BBFAC1C091C280061FFC7 /* image-5.gif in Resources */ = {isa = PBXBuildFile; fileRef = 2C9BBF991C091C280061FFC7 /* image-5.gif */; };
		2C9BBFAD1C091C280061FFC7 /* image-6.gif in Resources */ = {isa = PBXBuildFile; fileRef = 2C9BBF9A1C091C280061FFC7 /* image-6.gif */; };
		2C9BBFAE1C091C280061FFC7 /* image-6.gif in Resources */ = {isa = PBXBuildFile; fileRef = 2C9BBF9A1C091C280061FFC7 /* image-6.gif */; };
		2C9BBFAF1C091C280061FFC7 /* image-7.gif in Resources */ = {isa = PBXBuildFile; fileRef = 2C9BBF9B1C091C280061FFC7 /* image-7.gif */; };
		2C9BBFB01C091C280061FFC7 /* image-7.gif in Resources */ = {isa = PBXBuildFile; fileRef = 2C9BBF9B1C091C280061FFC7 /* image-7.gif */; };
		2C9BBFB11C091C280061FFC7 /* image-8.gif in Resources */ = {isa = PBXBuildFile; fileRef = 2C9BBF9C1C091C280061FFC7 /* image-8.gif */; };
		2C9BBFB21C091C280061FFC7 /* image-8.gif in Resources */ = {isa = PBXBuildFile; fileRef = 2C9BBF9C1C091C280061FFC7 /* image-8.gif */; };
		2C9BBFB31C091C280061FFC7 /* image-9.gif in Resources */ = {isa = PBXBuildFile; fileRef = 2C9BBF9D1C091C280061FFC7 /* image-9.gif */; };
		2C9BBFB41C091C280061FFC7 /* image-9.gif in Resources */ = {isa = PBXBuildFile; fileRef = 2C9BBF9D1C091C280061FFC7 /* image-9.gif */; };
		2C9BBFB51C091C280061FFC7 /* image-10.gif in Resources */ = {isa = PBXBuildFile; fileRef = 2C9BBF9E1C091C280061FFC7 /* image-10.gif */; };
		2C9BBFB61C091C280061FFC7 /* image-10.gif in Resources */ = {isa = PBXBuildFile; fileRef = 2C9BBF9E1C091C280061FFC7 /* image-10.gif */; };
		2C9BBFB71C091C280061FFC7 /* image-11.gif in Resources */ = {isa = PBXBuildFile; fileRef = 2C9BBF9F1C091C280061FFC7 /* image-11.gif */; };
		2C9BBFB81C091C280061FFC7 /* image-11.gif in Resources */ = {isa = PBXBuildFile; fileRef = 2C9BBF9F1C091C280061FFC7 /* image-11.gif */; };
		2C9BBFB91C091C280061FFC7 /* image-12.gif in Resources */ = {isa = PBXBuildFile; fileRef = 2C9BBFA01C091C280061FFC7 /* image-12.gif */; };
		2C9BBFBA1C091C280061FFC7 /* image-12.gif in Resources */ = {isa = PBXBuildFile; fileRef = 2C9BBFA01C091C280061FFC7 /* image-12.gif */; };
		2C9BBFBB1C091C280061FFC7 /* image-13.gif in Resources */ = {isa = PBXBuildFile; fileRef = 2C9BBFA11C091C280061FFC7 /* image-13.gif */; };
		2C9BBFBC1C091C280061FFC7 /* image-13.gif in Resources */ = {isa = PBXBuildFile; fileRef = 2C9BBFA11C091C280061FFC7 /* image-13.gif */; };
		2C9BBFBD1C091C280061FFC7 /* image-14.gif in Resources */ = {isa = PBXBuildFile; fileRef = 2C9BBFA21C091C280061FFC7 /* image-14.gif */; };
		2C9BBFBE1C091C280061FFC7 /* image-14.gif in Resources */ = {isa = PBXBuildFile; fileRef = 2C9BBFA21C091C280061FFC7 /* image-14.gif */; };
		2CC58D921C2CABFA00B5CBE4 /* 330-layers4@3x.png in Resources */ = {isa = PBXBuildFile; fileRef = 2CC58D911C2CABFA00B5CBE4 /* 330-layers4@3x.png */; };
		2CC58D931C2CABFA00B5CBE4 /* 330-layers4@3x.png in Resources */ = {isa = PBXBuildFile; fileRef = 2CC58D911C2CABFA00B5CBE4 /* 330-layers4@3x.png */; };
		2CC58D9A1C2CBAF700B5CBE4 /* intro-1.png in Resources */ = {isa = PBXBuildFile; fileRef = 2CC58D941C2CB78E00B5CBE4 /* intro-1.png */; };
		2CC58D9B1C2CBAFA00B5CBE4 /* intro-2.png in Resources */ = {isa = PBXBuildFile; fileRef = 2CC58D951C2CB78E00B5CBE4 /* intro-2.png */; };
		2CC58D9C1C2CBB0000B5CBE4 /* intro-3.png in Resources */ = {isa = PBXBuildFile; fileRef = 2CC58D961C2CB78E00B5CBE4 /* intro-3.png */; };
		2CC58D9E1C2CCFA700B5CBE4 /* Parse.framework in Frameworks */ = {isa = PBXBuildFile; fileRef = 2CC58D9D1C2CCFA700B5CBE4 /* Parse.framework */; };
		2CC58D9F1C2CCFA700B5CBE4 /* Parse.framework in Frameworks */ = {isa = PBXBuildFile; fileRef = 2CC58D9D1C2CCFA700B5CBE4 /* Parse.framework */; };
		2CC58DA11C2CCFC600B5CBE4 /* AudioToolbox.framework in Frameworks */ = {isa = PBXBuildFile; fileRef = 2CC58DA01C2CCFC600B5CBE4 /* AudioToolbox.framework */; };
		2CC58DA31C2CCFCC00B5CBE4 /* CFNetwork.framework in Frameworks */ = {isa = PBXBuildFile; fileRef = 2CC58DA21C2CCFCC00B5CBE4 /* CFNetwork.framework */; };
		2CC58DA51C2CCFD700B5CBE4 /* CoreGraphics.framework in Frameworks */ = {isa = PBXBuildFile; fileRef = 2CC58DA41C2CCFD700B5CBE4 /* CoreGraphics.framework */; };
		2CC58DA91C2CCFE700B5CBE4 /* QuartzCore.framework in Frameworks */ = {isa = PBXBuildFile; fileRef = 2CC58DA81C2CCFE700B5CBE4 /* QuartzCore.framework */; };
		2CC58DAB1C2CCFED00B5CBE4 /* Security.framework in Frameworks */ = {isa = PBXBuildFile; fileRef = 2CC58DAA1C2CCFED00B5CBE4 /* Security.framework */; };
		2CC58DAF1C2CD00500B5CBE4 /* SystemConfiguration.framework in Frameworks */ = {isa = PBXBuildFile; fileRef = 2CC58DAE1C2CD00500B5CBE4 /* SystemConfiguration.framework */; };
		2CC58DB11C2CD01500B5CBE4 /* libz.tbd in Frameworks */ = {isa = PBXBuildFile; fileRef = 2CC58DB01C2CD01500B5CBE4 /* libz.tbd */; };
		2CC58DB31C2CD02300B5CBE4 /* libsqlite3.tbd in Frameworks */ = {isa = PBXBuildFile; fileRef = 2CC58DB21C2CD02300B5CBE4 /* libsqlite3.tbd */; };
		2CC58DB51C2CD04F00B5CBE4 /* Bolts.framework in Frameworks */ = {isa = PBXBuildFile; fileRef = 2CC58DB41C2CD04F00B5CBE4 /* Bolts.framework */; };
		2CC58DB61C2CD04F00B5CBE4 /* Bolts.framework in Frameworks */ = {isa = PBXBuildFile; fileRef = 2CC58DB41C2CD04F00B5CBE4 /* Bolts.framework */; };
		2CE6E6B91C10FB6600157CCC /* image-43.gif in Resources */ = {isa = PBXBuildFile; fileRef = 2CE6E6861C10FB6600157CCC /* image-43.gif */; };
		2CE6E6BA1C10FB6600157CCC /* image-43.gif in Resources */ = {isa = PBXBuildFile; fileRef = 2CE6E6861C10FB6600157CCC /* image-43.gif */; };
		2CE6E6BB1C10FB6600157CCC /* image-44.gif in Resources */ = {isa = PBXBuildFile; fileRef = 2CE6E6871C10FB6600157CCC /* image-44.gif */; };
		2CE6E6BC1C10FB6600157CCC /* image-44.gif in Resources */ = {isa = PBXBuildFile; fileRef = 2CE6E6871C10FB6600157CCC /* image-44.gif */; };
		2CE6E6BD1C10FB6600157CCC /* image-45.gif in Resources */ = {isa = PBXBuildFile; fileRef = 2CE6E6881C10FB6600157CCC /* image-45.gif */; };
		2CE6E6BE1C10FB6600157CCC /* image-45.gif in Resources */ = {isa = PBXBuildFile; fileRef = 2CE6E6881C10FB6600157CCC /* image-45.gif */; };
		2CE6E6BF1C10FB6600157CCC /* image-46.gif in Resources */ = {isa = PBXBuildFile; fileRef = 2CE6E6891C10FB6600157CCC /* image-46.gif */; };
		2CE6E6C01C10FB6600157CCC /* image-46.gif in Resources */ = {isa = PBXBuildFile; fileRef = 2CE6E6891C10FB6600157CCC /* image-46.gif */; };
		2CE6E6C11C10FB6600157CCC /* image-47.gif in Resources */ = {isa = PBXBuildFile; fileRef = 2CE6E68A1C10FB6600157CCC /* image-47.gif */; };
		2CE6E6C21C10FB6600157CCC /* image-47.gif in Resources */ = {isa = PBXBuildFile; fileRef = 2CE6E68A1C10FB6600157CCC /* image-47.gif */; };
		2CE6E6C31C10FB6600157CCC /* image-48.gif in Resources */ = {isa = PBXBuildFile; fileRef = 2CE6E68B1C10FB6600157CCC /* image-48.gif */; };
		2CE6E6C41C10FB6600157CCC /* image-48.gif in Resources */ = {isa = PBXBuildFile; fileRef = 2CE6E68B1C10FB6600157CCC /* image-48.gif */; };
		2CE6E6C51C10FB6600157CCC /* image-49.gif in Resources */ = {isa = PBXBuildFile; fileRef = 2CE6E68C1C10FB6600157CCC /* image-49.gif */; };
		2CE6E6C61C10FB6600157CCC /* image-49.gif in Resources */ = {isa = PBXBuildFile; fileRef = 2CE6E68C1C10FB6600157CCC /* image-49.gif */; };
		2CE6E6C71C10FB6600157CCC /* image-50.gif in Resources */ = {isa = PBXBuildFile; fileRef = 2CE6E68D1C10FB6600157CCC /* image-50.gif */; };
		2CE6E6C81C10FB6600157CCC /* image-50.gif in Resources */ = {isa = PBXBuildFile; fileRef = 2CE6E68D1C10FB6600157CCC /* image-50.gif */; };
		2CE6E6C91C10FB6600157CCC /* image-51.gif in Resources */ = {isa = PBXBuildFile; fileRef = 2CE6E68E1C10FB6600157CCC /* image-51.gif */; };
		2CE6E6CA1C10FB6600157CCC /* image-51.gif in Resources */ = {isa = PBXBuildFile; fileRef = 2CE6E68E1C10FB6600157CCC /* image-51.gif */; };
		2CE6E6CB1C10FB6600157CCC /* image-52.gif in Resources */ = {isa = PBXBuildFile; fileRef = 2CE6E68F1C10FB6600157CCC /* image-52.gif */; };
		2CE6E6CC1C10FB6600157CCC /* image-52.gif in Resources */ = {isa = PBXBuildFile; fileRef = 2CE6E68F1C10FB6600157CCC /* image-52.gif */; };
		2CE6E6CD1C10FB6600157CCC /* image-53.gif in Resources */ = {isa = PBXBuildFile; fileRef = 2CE6E6901C10FB6600157CCC /* image-53.gif */; };
		2CE6E6CE1C10FB6600157CCC /* image-53.gif in Resources */ = {isa = PBXBuildFile; fileRef = 2CE6E6901C10FB6600157CCC /* image-53.gif */; };
		2CE6E6CF1C10FB6600157CCC /* image-54.gif in Resources */ = {isa = PBXBuildFile; fileRef = 2CE6E6911C10FB6600157CCC /* image-54.gif */; };
		2CE6E6D01C10FB6600157CCC /* image-54.gif in Resources */ = {isa = PBXBuildFile; fileRef = 2CE6E6911C10FB6600157CCC /* image-54.gif */; };
		2CE6E6D11C10FB6600157CCC /* image-55.gif in Resources */ = {isa = PBXBuildFile; fileRef = 2CE6E6921C10FB6600157CCC /* image-55.gif */; };
		2CE6E6D21C10FB6600157CCC /* image-55.gif in Resources */ = {isa = PBXBuildFile; fileRef = 2CE6E6921C10FB6600157CCC /* image-55.gif */; };
		2CE6E6D31C10FB6600157CCC /* image-56.gif in Resources */ = {isa = PBXBuildFile; fileRef = 2CE6E6931C10FB6600157CCC /* image-56.gif */; };
		2CE6E6D41C10FB6600157CCC /* image-56.gif in Resources */ = {isa = PBXBuildFile; fileRef = 2CE6E6931C10FB6600157CCC /* image-56.gif */; };
		2CE6E6D51C10FB6600157CCC /* image-57.gif in Resources */ = {isa = PBXBuildFile; fileRef = 2CE6E6941C10FB6600157CCC /* image-57.gif */; };
		2CE6E6D61C10FB6600157CCC /* image-57.gif in Resources */ = {isa = PBXBuildFile; fileRef = 2CE6E6941C10FB6600157CCC /* image-57.gif */; };
		2CE6E6D71C10FB6600157CCC /* image-58.gif in Resources */ = {isa = PBXBuildFile; fileRef = 2CE6E6951C10FB6600157CCC /* image-58.gif */; };
		2CE6E6D81C10FB6600157CCC /* image-58.gif in Resources */ = {isa = PBXBuildFile; fileRef = 2CE6E6951C10FB6600157CCC /* image-58.gif */; };
		2CE6E6D91C10FB6600157CCC /* image-59.gif in Resources */ = {isa = PBXBuildFile; fileRef = 2CE6E6961C10FB6600157CCC /* image-59.gif */; };
		2CE6E6DA1C10FB6600157CCC /* image-59.gif in Resources */ = {isa = PBXBuildFile; fileRef = 2CE6E6961C10FB6600157CCC /* image-59.gif */; };
		2CE6E6DB1C10FB6600157CCC /* image-60.gif in Resources */ = {isa = PBXBuildFile; fileRef = 2CE6E6971C10FB6600157CCC /* image-60.gif */; };
		2CE6E6DC1C10FB6600157CCC /* image-60.gif in Resources */ = {isa = PBXBuildFile; fileRef = 2CE6E6971C10FB6600157CCC /* image-60.gif */; };
		2CE6E6DD1C10FB6600157CCC /* image-61.gif in Resources */ = {isa = PBXBuildFile; fileRef = 2CE6E6981C10FB6600157CCC /* image-61.gif */; };
		2CE6E6DE1C10FB6600157CCC /* image-61.gif in Resources */ = {isa = PBXBuildFile; fileRef = 2CE6E6981C10FB6600157CCC /* image-61.gif */; };
		2CE6E6DF1C10FB6600157CCC /* image-62.gif in Resources */ = {isa = PBXBuildFile; fileRef = 2CE6E6991C10FB6600157CCC /* image-62.gif */; };
		2CE6E6E01C10FB6600157CCC /* image-62.gif in Resources */ = {isa = PBXBuildFile; fileRef = 2CE6E6991C10FB6600157CCC /* image-62.gif */; };
		2CE6E6E11C10FB6600157CCC /* image-63.gif in Resources */ = {isa = PBXBuildFile; fileRef = 2CE6E69A1C10FB6600157CCC /* image-63.gif */; };
		2CE6E6E21C10FB6600157CCC /* image-63.gif in Resources */ = {isa = PBXBuildFile; fileRef = 2CE6E69A1C10FB6600157CCC /* image-63.gif */; };
		2CE6E6E31C10FB6600157CCC /* image-64.gif in Resources */ = {isa = PBXBuildFile; fileRef = 2CE6E69B1C10FB6600157CCC /* image-64.gif */; };
		2CE6E6E41C10FB6600157CCC /* image-64.gif in Resources */ = {isa = PBXBuildFile; fileRef = 2CE6E69B1C10FB6600157CCC /* image-64.gif */; };
		2CE6E6E51C10FB6600157CCC /* image-65.gif in Resources */ = {isa = PBXBuildFile; fileRef = 2CE6E69C1C10FB6600157CCC /* image-65.gif */; };
		2CE6E6E61C10FB6600157CCC /* image-65.gif in Resources */ = {isa = PBXBuildFile; fileRef = 2CE6E69C1C10FB6600157CCC /* image-65.gif */; };
		2CE6E6E71C10FB6600157CCC /* image-66.gif in Resources */ = {isa = PBXBuildFile; fileRef = 2CE6E69D1C10FB6600157CCC /* image-66.gif */; };
		2CE6E6E81C10FB6600157CCC /* image-66.gif in Resources */ = {isa = PBXBuildFile; fileRef = 2CE6E69D1C10FB6600157CCC /* image-66.gif */; };
		2CE6E6E91C10FB6600157CCC /* image-67.gif in Resources */ = {isa = PBXBuildFile; fileRef = 2CE6E69E1C10FB6600157CCC /* image-67.gif */; };
		2CE6E6EA1C10FB6600157CCC /* image-67.gif in Resources */ = {isa = PBXBuildFile; fileRef = 2CE6E69E1C10FB6600157CCC /* image-67.gif */; };
		2CE6E6EB1C10FB6600157CCC /* image-68.gif in Resources */ = {isa = PBXBuildFile; fileRef = 2CE6E69F1C10FB6600157CCC /* image-68.gif */; };
		2CE6E6EC1C10FB6600157CCC /* image-68.gif in Resources */ = {isa = PBXBuildFile; fileRef = 2CE6E69F1C10FB6600157CCC /* image-68.gif */; };
		2CE6E6ED1C10FB6600157CCC /* image-69.gif in Resources */ = {isa = PBXBuildFile; fileRef = 2CE6E6A01C10FB6600157CCC /* image-69.gif */; };
		2CE6E6EE1C10FB6600157CCC /* image-69.gif in Resources */ = {isa = PBXBuildFile; fileRef = 2CE6E6A01C10FB6600157CCC /* image-69.gif */; };
		2CE6E6EF1C10FB6600157CCC /* image-70.gif in Resources */ = {isa = PBXBuildFile; fileRef = 2CE6E6A11C10FB6600157CCC /* image-70.gif */; };
		2CE6E6F01C10FB6600157CCC /* image-70.gif in Resources */ = {isa = PBXBuildFile; fileRef = 2CE6E6A11C10FB6600157CCC /* image-70.gif */; };
		2CE6E6F11C10FB6600157CCC /* image-71.gif in Resources */ = {isa = PBXBuildFile; fileRef = 2CE6E6A21C10FB6600157CCC /* image-71.gif */; };
		2CE6E6F21C10FB6600157CCC /* image-71.gif in Resources */ = {isa = PBXBuildFile; fileRef = 2CE6E6A21C10FB6600157CCC /* image-71.gif */; };
		2CE6E6F31C10FB6600157CCC /* image-72.gif in Resources */ = {isa = PBXBuildFile; fileRef = 2CE6E6A31C10FB6600157CCC /* image-72.gif */; };
		2CE6E6F41C10FB6600157CCC /* image-72.gif in Resources */ = {isa = PBXBuildFile; fileRef = 2CE6E6A31C10FB6600157CCC /* image-72.gif */; };
		2CE6E6F51C10FB6600157CCC /* image-73.gif in Resources */ = {isa = PBXBuildFile; fileRef = 2CE6E6A41C10FB6600157CCC /* image-73.gif */; };
		2CE6E6F61C10FB6600157CCC /* image-73.gif in Resources */ = {isa = PBXBuildFile; fileRef = 2CE6E6A41C10FB6600157CCC /* image-73.gif */; };
		2CE6E6F71C10FB6600157CCC /* image-74.gif in Resources */ = {isa = PBXBuildFile; fileRef = 2CE6E6A51C10FB6600157CCC /* image-74.gif */; };
		2CE6E6F81C10FB6600157CCC /* image-74.gif in Resources */ = {isa = PBXBuildFile; fileRef = 2CE6E6A51C10FB6600157CCC /* image-74.gif */; };
		2CE6E6F91C10FB6600157CCC /* image-75.gif in Resources */ = {isa = PBXBuildFile; fileRef = 2CE6E6A61C10FB6600157CCC /* image-75.gif */; };
		2CE6E6FA1C10FB6600157CCC /* image-75.gif in Resources */ = {isa = PBXBuildFile; fileRef = 2CE6E6A61C10FB6600157CCC /* image-75.gif */; };
		2CE6E6FB1C10FB6600157CCC /* image-76.gif in Resources */ = {isa = PBXBuildFile; fileRef = 2CE6E6A71C10FB6600157CCC /* image-76.gif */; };
		2CE6E6FC1C10FB6600157CCC /* image-76.gif in Resources */ = {isa = PBXBuildFile; fileRef = 2CE6E6A71C10FB6600157CCC /* image-76.gif */; };
		2CE6E6FD1C10FB6600157CCC /* image-77.gif in Resources */ = {isa = PBXBuildFile; fileRef = 2CE6E6A81C10FB6600157CCC /* image-77.gif */; };
		2CE6E6FE1C10FB6600157CCC /* image-77.gif in Resources */ = {isa = PBXBuildFile; fileRef = 2CE6E6A81C10FB6600157CCC /* image-77.gif */; };
		2CE6E6FF1C10FB6600157CCC /* image-78.gif in Resources */ = {isa = PBXBuildFile; fileRef = 2CE6E6A91C10FB6600157CCC /* image-78.gif */; };
		2CE6E7001C10FB6600157CCC /* image-78.gif in Resources */ = {isa = PBXBuildFile; fileRef = 2CE6E6A91C10FB6600157CCC /* image-78.gif */; };
		2CE6E7011C10FB6600157CCC /* image-79.gif in Resources */ = {isa = PBXBuildFile; fileRef = 2CE6E6AA1C10FB6600157CCC /* image-79.gif */; };
		2CE6E7021C10FB6600157CCC /* image-79.gif in Resources */ = {isa = PBXBuildFile; fileRef = 2CE6E6AA1C10FB6600157CCC /* image-79.gif */; };
		2CE6E7031C10FB6600157CCC /* image-80.gif in Resources */ = {isa = PBXBuildFile; fileRef = 2CE6E6AB1C10FB6600157CCC /* image-80.gif */; };
		2CE6E7041C10FB6600157CCC /* image-80.gif in Resources */ = {isa = PBXBuildFile; fileRef = 2CE6E6AB1C10FB6600157CCC /* image-80.gif */; };
		2CE6E7051C10FB6600157CCC /* image-81.gif in Resources */ = {isa = PBXBuildFile; fileRef = 2CE6E6AC1C10FB6600157CCC /* image-81.gif */; };
		2CE6E7061C10FB6600157CCC /* image-81.gif in Resources */ = {isa = PBXBuildFile; fileRef = 2CE6E6AC1C10FB6600157CCC /* image-81.gif */; };
		2CE6E7071C10FB6600157CCC /* image-82.gif in Resources */ = {isa = PBXBuildFile; fileRef = 2CE6E6AD1C10FB6600157CCC /* image-82.gif */; };
		2CE6E7081C10FB6600157CCC /* image-82.gif in Resources */ = {isa = PBXBuildFile; fileRef = 2CE6E6AD1C10FB6600157CCC /* image-82.gif */; };
		2CE6E7091C10FB6600157CCC /* image-83.gif in Resources */ = {isa = PBXBuildFile; fileRef = 2CE6E6AE1C10FB6600157CCC /* image-83.gif */; };
		2CE6E70A1C10FB6600157CCC /* image-83.gif in Resources */ = {isa = PBXBuildFile; fileRef = 2CE6E6AE1C10FB6600157CCC /* image-83.gif */; };
		2CE6E70B1C10FB6600157CCC /* image-84.gif in Resources */ = {isa = PBXBuildFile; fileRef = 2CE6E6AF1C10FB6600157CCC /* image-84.gif */; };
		2CE6E70C1C10FB6600157CCC /* image-84.gif in Resources */ = {isa = PBXBuildFile; fileRef = 2CE6E6AF1C10FB6600157CCC /* image-84.gif */; };
		A30C43C462121BB08D1D22B8 /* Pods_CKeyboard.framework in Frameworks */ = {isa = PBXBuildFile; fileRef = A51D324663E9B10A1B30B705 /* Pods_CKeyboard.framework */; };
/* End PBXBuildFile section */

/* Begin PBXContainerItemProxy section */
		2C00034B1C0912C0007A17D9 /* PBXContainerItemProxy */ = {
			isa = PBXContainerItemProxy;
			containerPortal = 2C0003251C091253007A17D9 /* Project object */;
			proxyType = 1;
			remoteGlobalIDString = 2C0003451C0912C0007A17D9;
			remoteInfo = CKeyboard;
		};
/* End PBXContainerItemProxy section */

/* Begin PBXCopyFilesBuildPhase section */
		2C0003511C0912C0007A17D9 /* Embed App Extensions */ = {
			isa = PBXCopyFilesBuildPhase;
			buildActionMask = 2147483647;
			dstPath = "";
			dstSubfolderSpec = 13;
			files = (
				2C00034D1C0912C0007A17D9 /* CKeyboard.appex in Embed App Extensions */,
			);
			name = "Embed App Extensions";
			runOnlyForDeploymentPostprocessing = 0;
		};
/* End PBXCopyFilesBuildPhase section */

/* Begin PBXFileReference section */
		28D65F398C5A078ADF4E0461 /* Pods-CKeyboard.debug.xcconfig */ = {isa = PBXFileReference; includeInIndex = 1; lastKnownFileType = text.xcconfig; name = "Pods-CKeyboard.debug.xcconfig"; path = "Pods/Target Support Files/Pods-CKeyboard/Pods-CKeyboard.debug.xcconfig"; sourceTree = "<group>"; };
		2C00032D1C091253007A17D9 /* ChristinaKeyboard.app */ = {isa = PBXFileReference; explicitFileType = wrapper.application; includeInIndex = 0; path = ChristinaKeyboard.app; sourceTree = BUILT_PRODUCTS_DIR; };
		2C0003301C091253007A17D9 /* AppDelegate.swift */ = {isa = PBXFileReference; lastKnownFileType = sourcecode.swift; path = AppDelegate.swift; sourceTree = "<group>"; };
		2C0003321C091253007A17D9 /* ViewController.swift */ = {isa = PBXFileReference; lastKnownFileType = sourcecode.swift; path = ViewController.swift; sourceTree = "<group>"; };
		2C0003351C091253007A17D9 /* Base */ = {isa = PBXFileReference; lastKnownFileType = file.storyboard; name = Base; path = Base.lproj/Main.storyboard; sourceTree = "<group>"; };
		2C0003371C091253007A17D9 /* Assets.xcassets */ = {isa = PBXFileReference; lastKnownFileType = folder.assetcatalog; path = Assets.xcassets; sourceTree = "<group>"; };
		2C00033A1C091253007A17D9 /* Base */ = {isa = PBXFileReference; lastKnownFileType = file.storyboard; name = Base; path = Base.lproj/LaunchScreen.storyboard; sourceTree = "<group>"; };
		2C00033C1C091253007A17D9 /* Info.plist */ = {isa = PBXFileReference; lastKnownFileType = text.plist.xml; path = Info.plist; sourceTree = "<group>"; };
		2C0003461C0912C0007A17D9 /* CKeyboard.appex */ = {isa = PBXFileReference; explicitFileType = "wrapper.app-extension"; includeInIndex = 0; path = CKeyboard.appex; sourceTree = BUILT_PRODUCTS_DIR; };
		2C0003481C0912C0007A17D9 /* KeyboardViewController.swift */ = {isa = PBXFileReference; lastKnownFileType = sourcecode.swift; path = KeyboardViewController.swift; sourceTree = "<group>"; };
		2C00034A1C0912C0007A17D9 /* Info.plist */ = {isa = PBXFileReference; lastKnownFileType = text.plist.xml; path = Info.plist; sourceTree = "<group>"; };
		2C1DD3061C09327A007E31C4 /* 341-keyboard@3x.png */ = {isa = PBXFileReference; lastKnownFileType = image.png; path = "341-keyboard@3x.png"; sourceTree = "<group>"; };
		2C1DD3091C093475007E31C4 /* 888-checkmark@2x.png */ = {isa = PBXFileReference; lastKnownFileType = image.png; path = "888-checkmark@2x.png"; sourceTree = "<group>"; };
		2C2799161C0A57DB004B80CC /* 342-delete@3x.png */ = {isa = PBXFileReference; lastKnownFileType = image.png; path = "342-delete@3x.png"; sourceTree = "<group>"; };
		2C2799191C0A57F0004B80CC /* 433-x@2x.png */ = {isa = PBXFileReference; lastKnownFileType = image.png; path = "433-x@2x.png"; sourceTree = "<group>"; };
		2C63FB231C0B29E5009B639E /* image-15.gif */ = {isa = PBXFileReference; lastKnownFileType = image.gif; path = "image-15.gif"; sourceTree = "<group>"; };
		2C63FB241C0B29E5009B639E /* image-16.gif */ = {isa = PBXFileReference; lastKnownFileType = image.gif; path = "image-16.gif"; sourceTree = "<group>"; };
		2C63FB251C0B29E5009B639E /* image-17.gif */ = {isa = PBXFileReference; lastKnownFileType = image.gif; path = "image-17.gif"; sourceTree = "<group>"; };
		2C63FB261C0B29E5009B639E /* image-18.gif */ = {isa = PBXFileReference; lastKnownFileType = image.gif; path = "image-18.gif"; sourceTree = "<group>"; };
		2C63FB271C0B29E5009B639E /* image-19.gif */ = {isa = PBXFileReference; lastKnownFileType = image.gif; path = "image-19.gif"; sourceTree = "<group>"; };
		2C63FB281C0B29E5009B639E /* image-20.gif */ = {isa = PBXFileReference; lastKnownFileType = image.gif; path = "image-20.gif"; sourceTree = "<group>"; };
		2C63FB291C0B29E5009B639E /* image-21.gif */ = {isa = PBXFileReference; lastKnownFileType = image.gif; path = "image-21.gif"; sourceTree = "<group>"; };
		2C63FB2A1C0B29E5009B639E /* image-22.gif */ = {isa = PBXFileReference; lastKnownFileType = image.gif; path = "image-22.gif"; sourceTree = "<group>"; };
		2C63FB2B1C0B29E5009B639E /* image-23.gif */ = {isa = PBXFileReference; lastKnownFileType = image.gif; path = "image-23.gif"; sourceTree = "<group>"; };
		2C63FB2C1C0B29E5009B639E /* image-24.gif */ = {isa = PBXFileReference; lastKnownFileType = image.gif; path = "image-24.gif"; sourceTree = "<group>"; };
		2C63FB2D1C0B29E5009B639E /* image-25.gif */ = {isa = PBXFileReference; lastKnownFileType = image.gif; path = "image-25.gif"; sourceTree = "<group>"; };
		2C63FB2E1C0B29E5009B639E /* image-26.gif */ = {isa = PBXFileReference; lastKnownFileType = image.gif; path = "image-26.gif"; sourceTree = "<group>"; };
		2C63FB2F1C0B29E5009B639E /* image-27.gif */ = {isa = PBXFileReference; lastKnownFileType = image.gif; path = "image-27.gif"; sourceTree = "<group>"; };
		2C63FB301C0B29E5009B639E /* image-28.gif */ = {isa = PBXFileReference; lastKnownFileType = image.gif; path = "image-28.gif"; sourceTree = "<group>"; };
		2C63FB311C0B29E5009B639E /* image-29.gif */ = {isa = PBXFileReference; lastKnownFileType = image.gif; path = "image-29.gif"; sourceTree = "<group>"; };
		2C63FB321C0B29E5009B639E /* image-30.gif */ = {isa = PBXFileReference; lastKnownFileType = image.gif; path = "image-30.gif"; sourceTree = "<group>"; };
		2C63FB331C0B29E5009B639E /* image-31.gif */ = {isa = PBXFileReference; lastKnownFileType = image.gif; path = "image-31.gif"; sourceTree = "<group>"; };
		2C63FB341C0B29E5009B639E /* image-32.gif */ = {isa = PBXFileReference; lastKnownFileType = image.gif; path = "image-32.gif"; sourceTree = "<group>"; };
		2C63FB351C0B29E5009B639E /* image-33.gif */ = {isa = PBXFileReference; lastKnownFileType = image.gif; path = "image-33.gif"; sourceTree = "<group>"; };
		2C63FB361C0B29E5009B639E /* image-34.gif */ = {isa = PBXFileReference; lastKnownFileType = image.gif; path = "image-34.gif"; sourceTree = "<group>"; };
		2C63FB371C0B29E5009B639E /* image-35.gif */ = {isa = PBXFileReference; lastKnownFileType = image.gif; path = "image-35.gif"; sourceTree = "<group>"; };
		2C63FB381C0B29E5009B639E /* image-36.gif */ = {isa = PBXFileReference; lastKnownFileType = image.gif; path = "image-36.gif"; sourceTree = "<group>"; };
		2C63FB391C0B29E5009B639E /* image-37.gif */ = {isa = PBXFileReference; lastKnownFileType = image.gif; path = "image-37.gif"; sourceTree = "<group>"; };
		2C63FB3A1C0B29E5009B639E /* image-38.gif */ = {isa = PBXFileReference; lastKnownFileType = image.gif; path = "image-38.gif"; sourceTree = "<group>"; };
		2C63FB3B1C0B29E5009B639E /* image-39.gif */ = {isa = PBXFileReference; lastKnownFileType = image.gif; path = "image-39.gif"; sourceTree = "<group>"; };
		2C63FB3C1C0B29E5009B639E /* image-40.gif */ = {isa = PBXFileReference; lastKnownFileType = image.gif; path = "image-40.gif"; sourceTree = "<group>"; };
		2C63FB3D1C0B29E5009B639E /* image-41.gif */ = {isa = PBXFileReference; lastKnownFileType = image.gif; path = "image-41.gif"; sourceTree = "<group>"; };
		2C63FB3E1C0B29E5009B639E /* image-42.gif */ = {isa = PBXFileReference; lastKnownFileType = image.gif; path = "image-42.gif"; sourceTree = "<group>"; };
		2C63FB771C0B2FB9009B639E /* giphy_logo.gif */ = {isa = PBXFileReference; lastKnownFileType = image.gif; path = giphy_logo.gif; sourceTree = "<group>"; };
		2C63FB801C0B49D7009B639E /* ItemModel.swift */ = {isa = PBXFileReference; fileEncoding = 4; lastKnownFileType = sourcecode.swift; path = ItemModel.swift; sourceTree = "<group>"; };
		2C9BBF901C0916BC0061FFC7 /* KeyboardView.xib */ = {isa = PBXFileReference; fileEncoding = 4; lastKnownFileType = file.xib; path = KeyboardView.xib; sourceTree = "<group>"; };
		2C9BBF921C09172B0061FFC7 /* 715-globe-toolbar@3x.png */ = {isa = PBXFileReference; lastKnownFileType = image.png; name = "715-globe-toolbar@3x.png"; path = "../ChristinaKeyboard/715-globe-toolbar@3x.png"; sourceTree = "<group>"; };
		2C9BBF951C091C280061FFC7 /* image-1.gif */ = {isa = PBXFileReference; lastKnownFileType = image.gif; path = "image-1.gif"; sourceTree = "<group>"; };
		2C9BBF961C091C280061FFC7 /* image-2.gif */ = {isa = PBXFileReference; lastKnownFileType = image.gif; path = "image-2.gif"; sourceTree = "<group>"; };
		2C9BBF971C091C280061FFC7 /* image-3.gif */ = {isa = PBXFileReference; lastKnownFileType = image.gif; path = "image-3.gif"; sourceTree = "<group>"; };
		2C9BBF981C091C280061FFC7 /* image-4.gif */ = {isa = PBXFileReference; lastKnownFileType = image.gif; path = "image-4.gif"; sourceTree = "<group>"; };
		2C9BBF991C091C280061FFC7 /* image-5.gif */ = {isa = PBXFileReference; lastKnownFileType = image.gif; path = "image-5.gif"; sourceTree = "<group>"; };
		2C9BBF9A1C091C280061FFC7 /* image-6.gif */ = {isa = PBXFileReference; lastKnownFileType = image.gif; path = "image-6.gif"; sourceTree = "<group>"; };
		2C9BBF9B1C091C280061FFC7 /* image-7.gif */ = {isa = PBXFileReference; lastKnownFileType = image.gif; path = "image-7.gif"; sourceTree = "<group>"; };
		2C9BBF9C1C091C280061FFC7 /* image-8.gif */ = {isa = PBXFileReference; lastKnownFileType = image.gif; path = "image-8.gif"; sourceTree = "<group>"; };
		2C9BBF9D1C091C280061FFC7 /* image-9.gif */ = {isa = PBXFileReference; lastKnownFileType = image.gif; path = "image-9.gif"; sourceTree = "<group>"; };
		2C9BBF9E1C091C280061FFC7 /* image-10.gif */ = {isa = PBXFileReference; lastKnownFileType = image.gif; path = "image-10.gif"; sourceTree = "<group>"; };
		2C9BBF9F1C091C280061FFC7 /* image-11.gif */ = {isa = PBXFileReference; lastKnownFileType = image.gif; path = "image-11.gif"; sourceTree = "<group>"; };
		2C9BBFA01C091C280061FFC7 /* image-12.gif */ = {isa = PBXFileReference; lastKnownFileType = image.gif; path = "image-12.gif"; sourceTree = "<group>"; };
		2C9BBFA11C091C280061FFC7 /* image-13.gif */ = {isa = PBXFileReference; lastKnownFileType = image.gif; path = "image-13.gif"; sourceTree = "<group>"; };
		2C9BBFA21C091C280061FFC7 /* image-14.gif */ = {isa = PBXFileReference; lastKnownFileType = image.gif; path = "image-14.gif"; sourceTree = "<group>"; };
		2CC58D911C2CABFA00B5CBE4 /* 330-layers4@3x.png */ = {isa = PBXFileReference; lastKnownFileType = image.png; path = "330-layers4@3x.png"; sourceTree = "<group>"; };
		2CC58D941C2CB78E00B5CBE4 /* intro-1.png */ = {isa = PBXFileReference; lastKnownFileType = image.png; path = "intro-1.png"; sourceTree = "<group>"; };
		2CC58D951C2CB78E00B5CBE4 /* intro-2.png */ = {isa = PBXFileReference; lastKnownFileType = image.png; path = "intro-2.png"; sourceTree = "<group>"; };
		2CC58D961C2CB78E00B5CBE4 /* intro-3.png */ = {isa = PBXFileReference; lastKnownFileType = image.png; path = "intro-3.png"; sourceTree = "<group>"; };
		2CC58D9D1C2CCFA700B5CBE4 /* Parse.framework */ = {isa = PBXFileReference; lastKnownFileType = wrapper.framework; path = Parse.framework; sourceTree = "<group>"; };
		2CC58DA01C2CCFC600B5CBE4 /* AudioToolbox.framework */ = {isa = PBXFileReference; lastKnownFileType = wrapper.framework; name = AudioToolbox.framework; path = System/Library/Frameworks/AudioToolbox.framework; sourceTree = SDKROOT; };
		2CC58DA21C2CCFCC00B5CBE4 /* CFNetwork.framework */ = {isa = PBXFileReference; lastKnownFileType = wrapper.framework; name = CFNetwork.framework; path = System/Library/Frameworks/CFNetwork.framework; sourceTree = SDKROOT; };
		2CC58DA41C2CCFD700B5CBE4 /* CoreGraphics.framework */ = {isa = PBXFileReference; lastKnownFileType = wrapper.framework; name = CoreGraphics.framework; path = System/Library/Frameworks/CoreGraphics.framework; sourceTree = SDKROOT; };
		2CC58DA61C2CCFDE00B5CBE4 /* CoreLocation.framework */ = {isa = PBXFileReference; lastKnownFileType = wrapper.framework; name = CoreLocation.framework; path = System/Library/Frameworks/CoreLocation.framework; sourceTree = SDKROOT; };
		2CC58DA81C2CCFE700B5CBE4 /* QuartzCore.framework */ = {isa = PBXFileReference; lastKnownFileType = wrapper.framework; name = QuartzCore.framework; path = System/Library/Frameworks/QuartzCore.framework; sourceTree = SDKROOT; };
		2CC58DAA1C2CCFED00B5CBE4 /* Security.framework */ = {isa = PBXFileReference; lastKnownFileType = wrapper.framework; name = Security.framework; path = System/Library/Frameworks/Security.framework; sourceTree = SDKROOT; };
		2CC58DAC1C2CCFF700B5CBE4 /* StoreKit.framework */ = {isa = PBXFileReference; lastKnownFileType = wrapper.framework; name = StoreKit.framework; path = System/Library/Frameworks/StoreKit.framework; sourceTree = SDKROOT; };
		2CC58DAE1C2CD00500B5CBE4 /* SystemConfiguration.framework */ = {isa = PBXFileReference; lastKnownFileType = wrapper.framework; name = SystemConfiguration.framework; path = System/Library/Frameworks/SystemConfiguration.framework; sourceTree = SDKROOT; };
		2CC58DB01C2CD01500B5CBE4 /* libz.tbd */ = {isa = PBXFileReference; lastKnownFileType = "sourcecode.text-based-dylib-definition"; name = libz.tbd; path = usr/lib/libz.tbd; sourceTree = SDKROOT; };
		2CC58DB21C2CD02300B5CBE4 /* libsqlite3.tbd */ = {isa = PBXFileReference; lastKnownFileType = "sourcecode.text-based-dylib-definition"; name = libsqlite3.tbd; path = usr/lib/libsqlite3.tbd; sourceTree = SDKROOT; };
		2CC58DB41C2CD04F00B5CBE4 /* Bolts.framework */ = {isa = PBXFileReference; lastKnownFileType = wrapper.framework; path = Bolts.framework; sourceTree = "<group>"; };
		2CE6E6861C10FB6600157CCC /* image-43.gif */ = {isa = PBXFileReference; lastKnownFileType = image.gif; path = "image-43.gif"; sourceTree = "<group>"; };
		2CE6E6871C10FB6600157CCC /* image-44.gif */ = {isa = PBXFileReference; lastKnownFileType = image.gif; path = "image-44.gif"; sourceTree = "<group>"; };
		2CE6E6881C10FB6600157CCC /* image-45.gif */ = {isa = PBXFileReference; lastKnownFileType = image.gif; path = "image-45.gif"; sourceTree = "<group>"; };
		2CE6E6891C10FB6600157CCC /* image-46.gif */ = {isa = PBXFileReference; lastKnownFileType = image.gif; path = "image-46.gif"; sourceTree = "<group>"; };
		2CE6E68A1C10FB6600157CCC /* image-47.gif */ = {isa = PBXFileReference; lastKnownFileType = image.gif; path = "image-47.gif"; sourceTree = "<group>"; };
		2CE6E68B1C10FB6600157CCC /* image-48.gif */ = {isa = PBXFileReference; lastKnownFileType = image.gif; path = "image-48.gif"; sourceTree = "<group>"; };
		2CE6E68C1C10FB6600157CCC /* image-49.gif */ = {isa = PBXFileReference; lastKnownFileType = image.gif; path = "image-49.gif"; sourceTree = "<group>"; };
		2CE6E68D1C10FB6600157CCC /* image-50.gif */ = {isa = PBXFileReference; lastKnownFileType = image.gif; path = "image-50.gif"; sourceTree = "<group>"; };
		2CE6E68E1C10FB6600157CCC /* image-51.gif */ = {isa = PBXFileReference; lastKnownFileType = image.gif; path = "image-51.gif"; sourceTree = "<group>"; };
		2CE6E68F1C10FB6600157CCC /* image-52.gif */ = {isa = PBXFileReference; lastKnownFileType = image.gif; path = "image-52.gif"; sourceTree = "<group>"; };
		2CE6E6901C10FB6600157CCC /* image-53.gif */ = {isa = PBXFileReference; lastKnownFileType = image.gif; path = "image-53.gif"; sourceTree = "<group>"; };
		2CE6E6911C10FB6600157CCC /* image-54.gif */ = {isa = PBXFileReference; lastKnownFileType = image.gif; path = "image-54.gif"; sourceTree = "<group>"; };
		2CE6E6921C10FB6600157CCC /* image-55.gif */ = {isa = PBXFileReference; lastKnownFileType = image.gif; path = "image-55.gif"; sourceTree = "<group>"; };
		2CE6E6931C10FB6600157CCC /* image-56.gif */ = {isa = PBXFileReference; lastKnownFileType = image.gif; path = "image-56.gif"; sourceTree = "<group>"; };
		2CE6E6941C10FB6600157CCC /* image-57.gif */ = {isa = PBXFileReference; lastKnownFileType = image.gif; path = "image-57.gif"; sourceTree = "<group>"; };
		2CE6E6951C10FB6600157CCC /* image-58.gif */ = {isa = PBXFileReference; lastKnownFileType = image.gif; path = "image-58.gif"; sourceTree = "<group>"; };
		2CE6E6961C10FB6600157CCC /* image-59.gif */ = {isa = PBXFileReference; lastKnownFileType = image.gif; path = "image-59.gif"; sourceTree = "<group>"; };
		2CE6E6971C10FB6600157CCC /* image-60.gif */ = {isa = PBXFileReference; lastKnownFileType = image.gif; path = "image-60.gif"; sourceTree = "<group>"; };
		2CE6E6981C10FB6600157CCC /* image-61.gif */ = {isa = PBXFileReference; lastKnownFileType = image.gif; path = "image-61.gif"; sourceTree = "<group>"; };
		2CE6E6991C10FB6600157CCC /* image-62.gif */ = {isa = PBXFileReference; lastKnownFileType = image.gif; path = "image-62.gif"; sourceTree = "<group>"; };
		2CE6E69A1C10FB6600157CCC /* image-63.gif */ = {isa = PBXFileReference; lastKnownFileType = image.gif; path = "image-63.gif"; sourceTree = "<group>"; };
		2CE6E69B1C10FB6600157CCC /* image-64.gif */ = {isa = PBXFileReference; lastKnownFileType = image.gif; path = "image-64.gif"; sourceTree = "<group>"; };
		2CE6E69C1C10FB6600157CCC /* image-65.gif */ = {isa = PBXFileReference; lastKnownFileType = image.gif; path = "image-65.gif"; sourceTree = "<group>"; };
		2CE6E69D1C10FB6600157CCC /* image-66.gif */ = {isa = PBXFileReference; lastKnownFileType = image.gif; path = "image-66.gif"; sourceTree = "<group>"; };
		2CE6E69E1C10FB6600157CCC /* image-67.gif */ = {isa = PBXFileReference; lastKnownFileType = image.gif; path = "image-67.gif"; sourceTree = "<group>"; };
		2CE6E69F1C10FB6600157CCC /* image-68.gif */ = {isa = PBXFileReference; lastKnownFileType = image.gif; path = "image-68.gif"; sourceTree = "<group>"; };
		2CE6E6A01C10FB6600157CCC /* image-69.gif */ = {isa = PBXFileReference; lastKnownFileType = image.gif; path = "image-69.gif"; sourceTree = "<group>"; };
		2CE6E6A11C10FB6600157CCC /* image-70.gif */ = {isa = PBXFileReference; lastKnownFileType = image.gif; path = "image-70.gif"; sourceTree = "<group>"; };
		2CE6E6A21C10FB6600157CCC /* image-71.gif */ = {isa = PBXFileReference; lastKnownFileType = image.gif; path = "image-71.gif"; sourceTree = "<group>"; };
		2CE6E6A31C10FB6600157CCC /* image-72.gif */ = {isa = PBXFileReference; lastKnownFileType = image.gif; path = "image-72.gif"; sourceTree = "<group>"; };
		2CE6E6A41C10FB6600157CCC /* image-73.gif */ = {isa = PBXFileReference; lastKnownFileType = image.gif; path = "image-73.gif"; sourceTree = "<group>"; };
		2CE6E6A51C10FB6600157CCC /* image-74.gif */ = {isa = PBXFileReference; lastKnownFileType = image.gif; path = "image-74.gif"; sourceTree = "<group>"; };
		2CE6E6A61C10FB6600157CCC /* image-75.gif */ = {isa = PBXFileReference; lastKnownFileType = image.gif; path = "image-75.gif"; sourceTree = "<group>"; };
		2CE6E6A71C10FB6600157CCC /* image-76.gif */ = {isa = PBXFileReference; lastKnownFileType = image.gif; path = "image-76.gif"; sourceTree = "<group>"; };
		2CE6E6A81C10FB6600157CCC /* image-77.gif */ = {isa = PBXFileReference; lastKnownFileType = image.gif; path = "image-77.gif"; sourceTree = "<group>"; };
		2CE6E6A91C10FB6600157CCC /* image-78.gif */ = {isa = PBXFileReference; lastKnownFileType = image.gif; path = "image-78.gif"; sourceTree = "<group>"; };
		2CE6E6AA1C10FB6600157CCC /* image-79.gif */ = {isa = PBXFileReference; lastKnownFileType = image.gif; path = "image-79.gif"; sourceTree = "<group>"; };
		2CE6E6AB1C10FB6600157CCC /* image-80.gif */ = {isa = PBXFileReference; lastKnownFileType = image.gif; path = "image-80.gif"; sourceTree = "<group>"; };
		2CE6E6AC1C10FB6600157CCC /* image-81.gif */ = {isa = PBXFileReference; lastKnownFileType = image.gif; path = "image-81.gif"; sourceTree = "<group>"; };
		2CE6E6AD1C10FB6600157CCC /* image-82.gif */ = {isa = PBXFileReference; lastKnownFileType = image.gif; path = "image-82.gif"; sourceTree = "<group>"; };
		2CE6E6AE1C10FB6600157CCC /* image-83.gif */ = {isa = PBXFileReference; lastKnownFileType = image.gif; path = "image-83.gif"; sourceTree = "<group>"; };
		2CE6E6AF1C10FB6600157CCC /* image-84.gif */ = {isa = PBXFileReference; lastKnownFileType = image.gif; path = "image-84.gif"; sourceTree = "<group>"; };
		A51D324663E9B10A1B30B705 /* Pods_CKeyboard.framework */ = {isa = PBXFileReference; explicitFileType = wrapper.framework; includeInIndex = 0; path = Pods_CKeyboard.framework; sourceTree = BUILT_PRODUCTS_DIR; };
		E4A31D245EC29354ED4EF87F /* Pods-CKeyboard.release.xcconfig */ = {isa = PBXFileReference; includeInIndex = 1; lastKnownFileType = text.xcconfig; name = "Pods-CKeyboard.release.xcconfig"; path = "Pods/Target Support Files/Pods-CKeyboard/Pods-CKeyboard.release.xcconfig"; sourceTree = "<group>"; };
/* End PBXFileReference section */

/* Begin PBXFrameworksBuildPhase section */
		2C00032A1C091253007A17D9 /* Frameworks */ = {
			isa = PBXFrameworksBuildPhase;
			buildActionMask = 2147483647;
			files = (
				2CC58DB31C2CD02300B5CBE4 /* libsqlite3.tbd in Frameworks */,
				2CC58DB11C2CD01500B5CBE4 /* libz.tbd in Frameworks */,
				2CC58DAF1C2CD00500B5CBE4 /* SystemConfiguration.framework in Frameworks */,
				2CC58DAB1C2CCFED00B5CBE4 /* Security.framework in Frameworks */,
				2CC58DA91C2CCFE700B5CBE4 /* QuartzCore.framework in Frameworks */,
				2CC58DB51C2CD04F00B5CBE4 /* Bolts.framework in Frameworks */,
				2CC58DA51C2CCFD700B5CBE4 /* CoreGraphics.framework in Frameworks */,
				2CC58DA31C2CCFCC00B5CBE4 /* CFNetwork.framework in Frameworks */,
				2CC58DA11C2CCFC600B5CBE4 /* AudioToolbox.framework in Frameworks */,
				2CC58D9E1C2CCFA700B5CBE4 /* Parse.framework in Frameworks */,
			);
			runOnlyForDeploymentPostprocessing = 0;
		};
		2C0003431C0912C0007A17D9 /* Frameworks */ = {
			isa = PBXFrameworksBuildPhase;
			buildActionMask = 2147483647;
			files = (
				2CC58DB61C2CD04F00B5CBE4 /* Bolts.framework in Frameworks */,
				2CC58D9F1C2CCFA700B5CBE4 /* Parse.framework in Frameworks */,
				A30C43C462121BB08D1D22B8 /* Pods_CKeyboard.framework in Frameworks */,
			);
			runOnlyForDeploymentPostprocessing = 0;
		};
/* End PBXFrameworksBuildPhase section */

/* Begin PBXGroup section */
		02A24C82064692C7ED3948FB /* Pods */ = {
			isa = PBXGroup;
			children = (
				28D65F398C5A078ADF4E0461 /* Pods-CKeyboard.debug.xcconfig */,
				E4A31D245EC29354ED4EF87F /* Pods-CKeyboard.release.xcconfig */,
			);
			name = Pods;
			sourceTree = "<group>";
		};
		2C0003241C091253007A17D9 = {
			isa = PBXGroup;
			children = (
				2C00032F1C091253007A17D9 /* ChristinaKeyboard */,
				2C0003471C0912C0007A17D9 /* CKeyboard */,
				2C00032E1C091253007A17D9 /* Products */,
				02A24C82064692C7ED3948FB /* Pods */,
				3B291A194FE0FF7802335F0C /* Frameworks */,
			);
			sourceTree = "<group>";
		};
		2C00032E1C091253007A17D9 /* Products */ = {
			isa = PBXGroup;
			children = (
				2C00032D1C091253007A17D9 /* ChristinaKeyboard.app */,
				2C0003461C0912C0007A17D9 /* CKeyboard.appex */,
			);
			name = Products;
			sourceTree = "<group>";
		};
		2C00032F1C091253007A17D9 /* ChristinaKeyboard */ = {
			isa = PBXGroup;
			children = (
				2C0003301C091253007A17D9 /* AppDelegate.swift */,
				2C0003321C091253007A17D9 /* ViewController.swift */,
				2C0003341C091253007A17D9 /* Main.storyboard */,
				2C0003371C091253007A17D9 /* Assets.xcassets */,
				2C0003391C091253007A17D9 /* LaunchScreen.storyboard */,
				2C00033C1C091253007A17D9 /* Info.plist */,
				2CC58D941C2CB78E00B5CBE4 /* intro-1.png */,
				2CC58D951C2CB78E00B5CBE4 /* intro-2.png */,
				2CC58D961C2CB78E00B5CBE4 /* intro-3.png */,
			);
			path = ChristinaKeyboard;
			sourceTree = "<group>";
		};
		2C0003471C0912C0007A17D9 /* CKeyboard */ = {
			isa = PBXGroup;
			children = (
				2C9BBF921C09172B0061FFC7 /* 715-globe-toolbar@3x.png */,
				2C1DD3061C09327A007E31C4 /* 341-keyboard@3x.png */,
				2C1DD3091C093475007E31C4 /* 888-checkmark@2x.png */,
				2C2799161C0A57DB004B80CC /* 342-delete@3x.png */,
				2C2799191C0A57F0004B80CC /* 433-x@2x.png */,
				2C63FB771C0B2FB9009B639E /* giphy_logo.gif */,
				2CC58D911C2CABFA00B5CBE4 /* 330-layers4@3x.png */,
				2C0003481C0912C0007A17D9 /* KeyboardViewController.swift */,
				2C63FB801C0B49D7009B639E /* ItemModel.swift */,
				2C9BBF901C0916BC0061FFC7 /* KeyboardView.xib */,
				2C00034A1C0912C0007A17D9 /* Info.plist */,
				2C9BBFBF1C091C2E0061FFC7 /* Christinas */,
			);
			path = CKeyboard;
			sourceTree = "<group>";
		};
		2C9BBFBF1C091C2E0061FFC7 /* Christinas */ = {
			isa = PBXGroup;
			children = (
				2C9BBF951C091C280061FFC7 /* image-1.gif */,
				2C9BBF961C091C280061FFC7 /* image-2.gif */,
				2C9BBF971C091C280061FFC7 /* image-3.gif */,
				2C9BBF981C091C280061FFC7 /* image-4.gif */,
				2C9BBF991C091C280061FFC7 /* image-5.gif */,
				2C9BBF9A1C091C280061FFC7 /* image-6.gif */,
				2C9BBF9B1C091C280061FFC7 /* image-7.gif */,
				2C9BBF9C1C091C280061FFC7 /* image-8.gif */,
				2C9BBF9D1C091C280061FFC7 /* image-9.gif */,
				2C9BBF9E1C091C280061FFC7 /* image-10.gif */,
				2C9BBF9F1C091C280061FFC7 /* image-11.gif */,
				2C9BBFA01C091C280061FFC7 /* image-12.gif */,
				2C9BBFA11C091C280061FFC7 /* image-13.gif */,
				2C9BBFA21C091C280061FFC7 /* image-14.gif */,
				2C63FB231C0B29E5009B639E /* image-15.gif */,
				2C63FB241C0B29E5009B639E /* image-16.gif */,
				2C63FB251C0B29E5009B639E /* image-17.gif */,
				2C63FB261C0B29E5009B639E /* image-18.gif */,
				2C63FB271C0B29E5009B639E /* image-19.gif */,
				2C63FB281C0B29E5009B639E /* image-20.gif */,
				2C63FB291C0B29E5009B639E /* image-21.gif */,
				2C63FB2A1C0B29E5009B639E /* image-22.gif */,
				2C63FB2B1C0B29E5009B639E /* image-23.gif */,
				2C63FB2C1C0B29E5009B639E /* image-24.gif */,
				2C63FB2D1C0B29E5009B639E /* image-25.gif */,
				2C63FB2E1C0B29E5009B639E /* image-26.gif */,
				2C63FB2F1C0B29E5009B639E /* image-27.gif */,
				2C63FB301C0B29E5009B639E /* image-28.gif */,
				2C63FB311C0B29E5009B639E /* image-29.gif */,
				2C63FB321C0B29E5009B639E /* image-30.gif */,
				2C63FB331C0B29E5009B639E /* image-31.gif */,
				2C63FB341C0B29E5009B639E /* image-32.gif */,
				2C63FB351C0B29E5009B639E /* image-33.gif */,
				2C63FB361C0B29E5009B639E /* image-34.gif */,
				2C63FB371C0B29E5009B639E /* image-35.gif */,
				2C63FB381C0B29E5009B639E /* image-36.gif */,
				2C63FB391C0B29E5009B639E /* image-37.gif */,
				2C63FB3A1C0B29E5009B639E /* image-38.gif */,
				2C63FB3B1C0B29E5009B639E /* image-39.gif */,
				2C63FB3C1C0B29E5009B639E /* image-40.gif */,
				2C63FB3D1C0B29E5009B639E /* image-41.gif */,
				2C63FB3E1C0B29E5009B639E /* image-42.gif */,
				2CE6E6861C10FB6600157CCC /* image-43.gif */,
				2CE6E6871C10FB6600157CCC /* image-44.gif */,
				2CE6E6881C10FB6600157CCC /* image-45.gif */,
				2CE6E6891C10FB6600157CCC /* image-46.gif */,
				2CE6E68A1C10FB6600157CCC /* image-47.gif */,
				2CE6E68B1C10FB6600157CCC /* image-48.gif */,
				2CE6E68C1C10FB6600157CCC /* image-49.gif */,
				2CE6E68D1C10FB6600157CCC /* image-50.gif */,
				2CE6E68E1C10FB6600157CCC /* image-51.gif */,
				2CE6E68F1C10FB6600157CCC /* image-52.gif */,
				2CE6E6901C10FB6600157CCC /* image-53.gif */,
				2CE6E6911C10FB6600157CCC /* image-54.gif */,
				2CE6E6921C10FB6600157CCC /* image-55.gif */,
				2CE6E6931C10FB6600157CCC /* image-56.gif */,
				2CE6E6941C10FB6600157CCC /* image-57.gif */,
				2CE6E6951C10FB6600157CCC /* image-58.gif */,
				2CE6E6961C10FB6600157CCC /* image-59.gif */,
				2CE6E6971C10FB6600157CCC /* image-60.gif */,
				2CE6E6981C10FB6600157CCC /* image-61.gif */,
				2CE6E6991C10FB6600157CCC /* image-62.gif */,
				2CE6E69A1C10FB6600157CCC /* image-63.gif */,
				2CE6E69B1C10FB6600157CCC /* image-64.gif */,
				2CE6E69C1C10FB6600157CCC /* image-65.gif */,
				2CE6E69D1C10FB6600157CCC /* image-66.gif */,
				2CE6E69E1C10FB6600157CCC /* image-67.gif */,
				2CE6E69F1C10FB6600157CCC /* image-68.gif */,
				2CE6E6A01C10FB6600157CCC /* image-69.gif */,
				2CE6E6A11C10FB6600157CCC /* image-70.gif */,
				2CE6E6A21C10FB6600157CCC /* image-71.gif */,
				2CE6E6A31C10FB6600157CCC /* image-72.gif */,
				2CE6E6A41C10FB6600157CCC /* image-73.gif */,
				2CE6E6A51C10FB6600157CCC /* image-74.gif */,
				2CE6E6A61C10FB6600157CCC /* image-75.gif */,
				2CE6E6A71C10FB6600157CCC /* image-76.gif */,
				2CE6E6A81C10FB6600157CCC /* image-77.gif */,
				2CE6E6A91C10FB6600157CCC /* image-78.gif */,
				2CE6E6AA1C10FB6600157CCC /* image-79.gif */,
				2CE6E6AB1C10FB6600157CCC /* image-80.gif */,
				2CE6E6AC1C10FB6600157CCC /* image-81.gif */,
				2CE6E6AD1C10FB6600157CCC /* image-82.gif */,
				2CE6E6AE1C10FB6600157CCC /* image-83.gif */,
				2CE6E6AF1C10FB6600157CCC /* image-84.gif */,
			);
			name = Christinas;
			sourceTree = "<group>";
		};
		3B291A194FE0FF7802335F0C /* Frameworks */ = {
			isa = PBXGroup;
			children = (
				2CC58DB41C2CD04F00B5CBE4 /* Bolts.framework */,
				2CC58DB21C2CD02300B5CBE4 /* libsqlite3.tbd */,
				2CC58DB01C2CD01500B5CBE4 /* libz.tbd */,
				2CC58DAE1C2CD00500B5CBE4 /* SystemConfiguration.framework */,
				2CC58DAC1C2CCFF700B5CBE4 /* StoreKit.framework */,
				2CC58DAA1C2CCFED00B5CBE4 /* Security.framework */,
				2CC58DA81C2CCFE700B5CBE4 /* QuartzCore.framework */,
				2CC58DA61C2CCFDE00B5CBE4 /* CoreLocation.framework */,
				2CC58DA41C2CCFD700B5CBE4 /* CoreGraphics.framework */,
				2CC58DA21C2CCFCC00B5CBE4 /* CFNetwork.framework */,
				2CC58DA01C2CCFC600B5CBE4 /* AudioToolbox.framework */,
				2CC58D9D1C2CCFA700B5CBE4 /* Parse.framework */,
				A51D324663E9B10A1B30B705 /* Pods_CKeyboard.framework */,
			);
			name = Frameworks;
			sourceTree = "<group>";
		};
/* End PBXGroup section */

/* Begin PBXNativeTarget section */
		2C00032C1C091253007A17D9 /* ChristinaKeyboard */ = {
			isa = PBXNativeTarget;
			buildConfigurationList = 2C00033F1C091253007A17D9 /* Build configuration list for PBXNativeTarget "ChristinaKeyboard" */;
			buildPhases = (
				2C0003291C091253007A17D9 /* Sources */,
				2C00032A1C091253007A17D9 /* Frameworks */,
				2C00032B1C091253007A17D9 /* Resources */,
				2C0003511C0912C0007A17D9 /* Embed App Extensions */,
			);
			buildRules = (
			);
			dependencies = (
				2C00034C1C0912C0007A17D9 /* PBXTargetDependency */,
			);
			name = ChristinaKeyboard;
			productName = ChristinaKeyboard;
			productReference = 2C00032D1C091253007A17D9 /* ChristinaKeyboard.app */;
			productType = "com.apple.product-type.application";
		};
		2C0003451C0912C0007A17D9 /* CKeyboard */ = {
			isa = PBXNativeTarget;
			buildConfigurationList = 2C00034E1C0912C0007A17D9 /* Build configuration list for PBXNativeTarget "CKeyboard" */;
			buildPhases = (
				52A266EB830FF544951C246E /* Check Pods Manifest.lock */,
				2C0003421C0912C0007A17D9 /* Sources */,
				2C0003431C0912C0007A17D9 /* Frameworks */,
				2C0003441C0912C0007A17D9 /* Resources */,
				3755B2303260D5103A3F7A52 /* Embed Pods Frameworks */,
				437CBE7A60B05CF55FB5118E /* Copy Pods Resources */,
			);
			buildRules = (
			);
			dependencies = (
			);
			name = CKeyboard;
			productName = CKeyboard;
			productReference = 2C0003461C0912C0007A17D9 /* CKeyboard.appex */;
			productType = "com.apple.product-type.app-extension";
		};
/* End PBXNativeTarget section */

/* Begin PBXProject section */
		2C0003251C091253007A17D9 /* Project object */ = {
			isa = PBXProject;
			attributes = {
				KnownAssetTags = (
					save,
				);
				LastSwiftUpdateCheck = 0710;
				LastUpgradeCheck = 0710;
				ORGANIZATIONNAME = Marcus;
				TargetAttributes = {
					2C00032C1C091253007A17D9 = {
						CreatedOnToolsVersion = 7.1.1;
					};
					2C0003451C0912C0007A17D9 = {
						CreatedOnToolsVersion = 7.1.1;
					};
				};
			};
			buildConfigurationList = 2C0003281C091253007A17D9 /* Build configuration list for PBXProject "ChristinaKeyboard" */;
			compatibilityVersion = "Xcode 3.2";
			developmentRegion = English;
			hasScannedForEncodings = 0;
			knownRegions = (
				en,
				Base,
			);
			mainGroup = 2C0003241C091253007A17D9;
			productRefGroup = 2C00032E1C091253007A17D9 /* Products */;
			projectDirPath = "";
			projectRoot = "";
			targets = (
				2C00032C1C091253007A17D9 /* ChristinaKeyboard */,
				2C0003451C0912C0007A17D9 /* CKeyboard */,
			);
		};
/* End PBXProject section */

/* Begin PBXResourcesBuildPhase section */
		2C00032B1C091253007A17D9 /* Resources */ = {
			isa = PBXResourcesBuildPhase;
			buildActionMask = 2147483647;
			files = (
				2CE6E6E71C10FB6600157CCC /* image-66.gif in Resources */,
				2C00033B1C091253007A17D9 /* LaunchScreen.storyboard in Resources */,
				2CE6E6D71C10FB6600157CCC /* image-58.gif in Resources */,
				2C63FB4F1C0B29E5009B639E /* image-23.gif in Resources */,
				2C63FB591C0B29E5009B639E /* image-28.gif in Resources */,
				2CE6E6E31C10FB6600157CCC /* image-64.gif in Resources */,
				2C9BBFBB1C091C280061FFC7 /* image-13.gif in Resources */,
				2CE6E6FF1C10FB6600157CCC /* image-78.gif in Resources */,
				2C9BBF931C09172B0061FFC7 /* 715-globe-toolbar@3x.png in Resources */,
				2C63FB6D1C0B29E5009B639E /* image-38.gif in Resources */,
				2C63FB651C0B29E5009B639E /* image-34.gif in Resources */,
				2CE6E6E91C10FB6600157CCC /* image-67.gif in Resources */,
				2C63FB3F1C0B29E5009B639E /* image-15.gif in Resources */,
				2C63FB751C0B29E5009B639E /* image-42.gif in Resources */,
				2CE6E6CF1C10FB6600157CCC /* image-54.gif in Resources */,
				2C9BBFAB1C091C280061FFC7 /* image-5.gif in Resources */,
				2C63FB631C0B29E5009B639E /* image-33.gif in Resources */,
				2CE6E6CD1C10FB6600157CCC /* image-53.gif in Resources */,
				2CE6E7071C10FB6600157CCC /* image-82.gif in Resources */,
				2CC58D9C1C2CBB0000B5CBE4 /* intro-3.png in Resources */,
				2C63FB691C0B29E5009B639E /* image-36.gif in Resources */,
				2CE6E6F91C10FB6600157CCC /* image-75.gif in Resources */,
				2C63FB511C0B29E5009B639E /* image-24.gif in Resources */,
				2C9BBFB91C091C280061FFC7 /* image-12.gif in Resources */,
				2C63FB491C0B29E5009B639E /* image-20.gif in Resources */,
				2C9BBFA71C091C280061FFC7 /* image-3.gif in Resources */,
				2CE6E6D11C10FB6600157CCC /* image-55.gif in Resources */,
				2CE6E7011C10FB6600157CCC /* image-79.gif in Resources */,
				2CC58D921C2CABFA00B5CBE4 /* 330-layers4@3x.png in Resources */,
				2CE6E6F71C10FB6600157CCC /* image-74.gif in Resources */,
				2CE6E6EF1C10FB6600157CCC /* image-70.gif in Resources */,
				2C63FB4D1C0B29E5009B639E /* image-22.gif in Resources */,
				2C63FB451C0B29E5009B639E /* image-18.gif in Resources */,
				2C63FB671C0B29E5009B639E /* image-35.gif in Resources */,
				2CE6E6D51C10FB6600157CCC /* image-57.gif in Resources */,
				2C63FB611C0B29E5009B639E /* image-32.gif in Resources */,
				2CE6E6F51C10FB6600157CCC /* image-73.gif in Resources */,
				2CE6E6BB1C10FB6600157CCC /* image-44.gif in Resources */,
				2CE6E6B91C10FB6600157CCC /* image-43.gif in Resources */,
				2C9BBFA91C091C280061FFC7 /* image-4.gif in Resources */,
				2C63FB711C0B29E5009B639E /* image-40.gif in Resources */,
				2CE6E7031C10FB6600157CCC /* image-80.gif in Resources */,
				2CC58D9B1C2CBAFA00B5CBE4 /* intro-2.png in Resources */,
				2C63FB571C0B29E5009B639E /* image-27.gif in Resources */,
				2C9BBFB51C091C280061FFC7 /* image-10.gif in Resources */,
				2CE6E6BF1C10FB6600157CCC /* image-46.gif in Resources */,
				2CE6E6FB1C10FB6600157CCC /* image-76.gif in Resources */,
				2C9BBFAF1C091C280061FFC7 /* image-7.gif in Resources */,
				2CE6E6ED1C10FB6600157CCC /* image-69.gif in Resources */,
				2CE6E6DD1C10FB6600157CCC /* image-61.gif in Resources */,
				2C1DD3071C09327A007E31C4 /* 341-keyboard@3x.png in Resources */,
				2C63FB5B1C0B29E5009B639E /* image-29.gif in Resources */,
				2CE6E6F31C10FB6600157CCC /* image-72.gif in Resources */,
				2C63FB5D1C0B29E5009B639E /* image-30.gif in Resources */,
				2C63FB5F1C0B29E5009B639E /* image-31.gif in Resources */,
				2CE6E6D31C10FB6600157CCC /* image-56.gif in Resources */,
				2CE6E6DB1C10FB6600157CCC /* image-60.gif in Resources */,
				2CE6E6E11C10FB6600157CCC /* image-63.gif in Resources */,
				2CE6E6EB1C10FB6600157CCC /* image-68.gif in Resources */,
				2CE6E70B1C10FB6600157CCC /* image-84.gif in Resources */,
				2CE6E6D91C10FB6600157CCC /* image-59.gif in Resources */,
				2C27991A1C0A57F0004B80CC /* 433-x@2x.png in Resources */,
				2CE6E7051C10FB6600157CCC /* image-81.gif in Resources */,
				2C9BBFA31C091C280061FFC7 /* image-1.gif in Resources */,
				2C63FB551C0B29E5009B639E /* image-26.gif in Resources */,
				2CE6E6CB1C10FB6600157CCC /* image-52.gif in Resources */,
				2C1DD30A1C093475007E31C4 /* 888-checkmark@2x.png in Resources */,
				2C63FB781C0B2FB9009B639E /* giphy_logo.gif in Resources */,
				2C9BBFB71C091C280061FFC7 /* image-11.gif in Resources */,
				2CE6E6C11C10FB6600157CCC /* image-47.gif in Resources */,
				2C9BBFBD1C091C280061FFC7 /* image-14.gif in Resources */,
				2CE6E6BD1C10FB6600157CCC /* image-45.gif in Resources */,
				2CE6E6E51C10FB6600157CCC /* image-65.gif in Resources */,
				2C2799171C0A57DB004B80CC /* 342-delete@3x.png in Resources */,
				2CE6E6C31C10FB6600157CCC /* image-48.gif in Resources */,
				2C63FB4B1C0B29E5009B639E /* image-21.gif in Resources */,
				2C63FB531C0B29E5009B639E /* image-25.gif in Resources */,
				2CE6E6C91C10FB6600157CCC /* image-51.gif in Resources */,
				2CE6E7091C10FB6600157CCC /* image-83.gif in Resources */,
				2CE6E6DF1C10FB6600157CCC /* image-62.gif in Resources */,
				2C0003381C091253007A17D9 /* Assets.xcassets in Resources */,
				2C9BBFAD1C091C280061FFC7 /* image-6.gif in Resources */,
				2CE6E6C51C10FB6600157CCC /* image-49.gif in Resources */,
				2C63FB731C0B29E5009B639E /* image-41.gif in Resources */,
				2C63FB471C0B29E5009B639E /* image-19.gif in Resources */,
				2C63FB6B1C0B29E5009B639E /* image-37.gif in Resources */,
				2C63FB6F1C0B29E5009B639E /* image-39.gif in Resources */,
				2C9BBFB31C091C280061FFC7 /* image-9.gif in Resources */,
				2CE6E6C71C10FB6600157CCC /* image-50.gif in Resources */,
				2CE6E6F11C10FB6600157CCC /* image-71.gif in Resources */,
				2CE6E6FD1C10FB6600157CCC /* image-77.gif in Resources */,
				2C0003361C091253007A17D9 /* Main.storyboard in Resources */,
				2CC58D9A1C2CBAF700B5CBE4 /* intro-1.png in Resources */,
				2C9BBFA51C091C280061FFC7 /* image-2.gif in Resources */,
				2C9BBFB11C091C280061FFC7 /* image-8.gif in Resources */,
				2C63FB431C0B29E5009B639E /* image-17.gif in Resources */,
				2C63FB411C0B29E5009B639E /* image-16.gif in Resources */,
			);
			runOnlyForDeploymentPostprocessing = 0;
		};
		2C0003441C0912C0007A17D9 /* Resources */ = {
			isa = PBXResourcesBuildPhase;
			buildActionMask = 2147483647;
			files = (
				2C63FB681C0B29E5009B639E /* image-35.gif in Resources */,
				2CE6E6CA1C10FB6600157CCC /* image-51.gif in Resources */,
				2CE6E6E41C10FB6600157CCC /* image-64.gif in Resources */,
				2C9BBFB81C091C280061FFC7 /* image-11.gif in Resources */,
				2C9BBFA81C091C280061FFC7 /* image-3.gif in Resources */,
				2CE6E7021C10FB6600157CCC /* image-79.gif in Resources */,
				2C63FB581C0B29E5009B639E /* image-27.gif in Resources */,
				2CE6E70A1C10FB6600157CCC /* image-83.gif in Resources */,
				2CE6E6C41C10FB6600157CCC /* image-48.gif in Resources */,
				2CE6E6BE1C10FB6600157CCC /* image-45.gif in Resources */,
				2C63FB791C0B2FB9009B639E /* giphy_logo.gif in Resources */,
				2CE6E6DE1C10FB6600157CCC /* image-61.gif in Resources */,
				2C63FB501C0B29E5009B639E /* image-23.gif in Resources */,
				2CE6E6D01C10FB6600157CCC /* image-54.gif in Resources */,
				2C1DD3081C09327A007E31C4 /* 341-keyboard@3x.png in Resources */,
				2CE6E6D41C10FB6600157CCC /* image-56.gif in Resources */,
				2CE6E7061C10FB6600157CCC /* image-81.gif in Resources */,
				2C2799181C0A57DB004B80CC /* 342-delete@3x.png in Resources */,
				2CE6E7041C10FB6600157CCC /* image-80.gif in Resources */,
				2C9BBFB41C091C280061FFC7 /* image-9.gif in Resources */,
				2C63FB541C0B29E5009B639E /* image-25.gif in Resources */,
				2C63FB421C0B29E5009B639E /* image-16.gif in Resources */,
				2CE6E6FE1C10FB6600157CCC /* image-77.gif in Resources */,
				2CE6E6F21C10FB6600157CCC /* image-71.gif in Resources */,
				2CE6E6E21C10FB6600157CCC /* image-63.gif in Resources */,
				2C63FB561C0B29E5009B639E /* image-26.gif in Resources */,
				2C63FB6A1C0B29E5009B639E /* image-36.gif in Resources */,
				2CE6E7001C10FB6600157CCC /* image-78.gif in Resources */,
				2CE6E6DC1C10FB6600157CCC /* image-60.gif in Resources */,
				2C9BBFAC1C091C280061FFC7 /* image-5.gif in Resources */,
				2CE6E6EA1C10FB6600157CCC /* image-67.gif in Resources */,
				2C63FB5E1C0B29E5009B639E /* image-30.gif in Resources */,
				2C63FB521C0B29E5009B639E /* image-24.gif in Resources */,
				2CE6E6CE1C10FB6600157CCC /* image-53.gif in Resources */,
				2C9BBF911C0916BC0061FFC7 /* KeyboardView.xib in Resources */,
				2CE6E6FC1C10FB6600157CCC /* image-76.gif in Resources */,
				2C9BBFBE1C091C280061FFC7 /* image-14.gif in Resources */,
				2C27991B1C0A57F0004B80CC /* 433-x@2x.png in Resources */,
				2CE6E6C01C10FB6600157CCC /* image-46.gif in Resources */,
				2CE6E7081C10FB6600157CCC /* image-82.gif in Resources */,
				2CE6E6CC1C10FB6600157CCC /* image-52.gif in Resources */,
				2C1DD30B1C093475007E31C4 /* 888-checkmark@2x.png in Resources */,
				2CC58D931C2CABFA00B5CBE4 /* 330-layers4@3x.png in Resources */,
				2CE6E6BC1C10FB6600157CCC /* image-44.gif in Resources */,
				2C9BBFA61C091C280061FFC7 /* image-2.gif in Resources */,
				2C63FB4E1C0B29E5009B639E /* image-22.gif in Resources */,
				2C63FB621C0B29E5009B639E /* image-32.gif in Resources */,
				2C63FB5A1C0B29E5009B639E /* image-28.gif in Resources */,
				2CE6E6EC1C10FB6600157CCC /* image-68.gif in Resources */,
				2CE6E6D61C10FB6600157CCC /* image-57.gif in Resources */,
				2C9BBFB61C091C280061FFC7 /* image-10.gif in Resources */,
				2CE6E6C21C10FB6600157CCC /* image-47.gif in Resources */,
				2C9BBF941C09172B0061FFC7 /* 715-globe-toolbar@3x.png in Resources */,
				2C63FB661C0B29E5009B639E /* image-34.gif in Resources */,
				2CE6E6EE1C10FB6600157CCC /* image-69.gif in Resources */,
				2CE6E6F61C10FB6600157CCC /* image-73.gif in Resources */,
				2CE6E70C1C10FB6600157CCC /* image-84.gif in Resources */,
				2C9BBFBC1C091C280061FFC7 /* image-13.gif in Resources */,
				2CE6E6D21C10FB6600157CCC /* image-55.gif in Resources */,
				2C9BBFB21C091C280061FFC7 /* image-8.gif in Resources */,
				2CE6E6E81C10FB6600157CCC /* image-66.gif in Resources */,
				2C9BBFB01C091C280061FFC7 /* image-7.gif in Resources */,
				2C63FB461C0B29E5009B639E /* image-18.gif in Resources */,
				2CE6E6FA1C10FB6600157CCC /* image-75.gif in Resources */,
				2C63FB481C0B29E5009B639E /* image-19.gif in Resources */,
				2CE6E6C61C10FB6600157CCC /* image-49.gif in Resources */,
				2C9BBFAE1C091C280061FFC7 /* image-6.gif in Resources */,
				2CE6E6D81C10FB6600157CCC /* image-58.gif in Resources */,
				2C63FB4C1C0B29E5009B639E /* image-21.gif in Resources */,
				2CE6E6BA1C10FB6600157CCC /* image-43.gif in Resources */,
				2C63FB441C0B29E5009B639E /* image-17.gif in Resources */,
				2CE6E6F01C10FB6600157CCC /* image-70.gif in Resources */,
				2C63FB601C0B29E5009B639E /* image-31.gif in Resources */,
				2C9BBFBA1C091C280061FFC7 /* image-12.gif in Resources */,
				2CE6E6E61C10FB6600157CCC /* image-65.gif in Resources */,
				2C63FB4A1C0B29E5009B639E /* image-20.gif in Resources */,
				2C9BBFA41C091C280061FFC7 /* image-1.gif in Resources */,
				2C63FB761C0B29E5009B639E /* image-42.gif in Resources */,
				2CE6E6E01C10FB6600157CCC /* image-62.gif in Resources */,
				2C63FB701C0B29E5009B639E /* image-39.gif in Resources */,
				2C63FB741C0B29E5009B639E /* image-41.gif in Resources */,
				2C63FB641C0B29E5009B639E /* image-33.gif in Resources */,
				2C9BBFAA1C091C280061FFC7 /* image-4.gif in Resources */,
				2C63FB5C1C0B29E5009B639E /* image-29.gif in Resources */,
				2CE6E6F41C10FB6600157CCC /* image-72.gif in Resources */,
				2CE6E6F81C10FB6600157CCC /* image-74.gif in Resources */,
				2C63FB401C0B29E5009B639E /* image-15.gif in Resources */,
				2CE6E6DA1C10FB6600157CCC /* image-59.gif in Resources */,
				2C63FB6C1C0B29E5009B639E /* image-37.gif in Resources */,
				2C63FB721C0B29E5009B639E /* image-40.gif in Resources */,
				2C63FB6E1C0B29E5009B639E /* image-38.gif in Resources */,
				2CE6E6C81C10FB6600157CCC /* image-50.gif in Resources */,
			);
			runOnlyForDeploymentPostprocessing = 0;
		};
/* End PBXResourcesBuildPhase section */

/* Begin PBXShellScriptBuildPhase section */
		3755B2303260D5103A3F7A52 /* Embed Pods Frameworks */ = {
			isa = PBXShellScriptBuildPhase;
			buildActionMask = 2147483647;
			files = (
			);
			inputPaths = (
			);
			name = "Embed Pods Frameworks";
			outputPaths = (
			);
			runOnlyForDeploymentPostprocessing = 0;
			shellPath = /bin/sh;
			shellScript = "\"${SRCROOT}/Pods/Target Support Files/Pods-CKeyboard/Pods-CKeyboard-frameworks.sh\"\n";
			showEnvVarsInLog = 0;
		};
		437CBE7A60B05CF55FB5118E /* Copy Pods Resources */ = {
			isa = PBXShellScriptBuildPhase;
			buildActionMask = 2147483647;
			files = (
			);
			inputPaths = (
			);
			name = "Copy Pods Resources";
			outputPaths = (
			);
			runOnlyForDeploymentPostprocessing = 0;
			shellPath = /bin/sh;
			shellScript = "\"${SRCROOT}/Pods/Target Support Files/Pods-CKeyboard/Pods-CKeyboard-resources.sh\"\n";
			showEnvVarsInLog = 0;
		};
		52A266EB830FF544951C246E /* Check Pods Manifest.lock */ = {
			isa = PBXShellScriptBuildPhase;
			buildActionMask = 2147483647;
			files = (
			);
			inputPaths = (
			);
			name = "Check Pods Manifest.lock";
			outputPaths = (
			);
			runOnlyForDeploymentPostprocessing = 0;
			shellPath = /bin/sh;
			shellScript = "diff \"${PODS_ROOT}/../Podfile.lock\" \"${PODS_ROOT}/Manifest.lock\" > /dev/null\nif [[ $? != 0 ]] ; then\n    cat << EOM\nerror: The sandbox is not in sync with the Podfile.lock. Run 'pod install' or update your CocoaPods installation.\nEOM\n    exit 1\nfi\n";
			showEnvVarsInLog = 0;
		};
/* End PBXShellScriptBuildPhase section */

/* Begin PBXSourcesBuildPhase section */
		2C0003291C091253007A17D9 /* Sources */ = {
			isa = PBXSourcesBuildPhase;
			buildActionMask = 2147483647;
			files = (
				2C63FB811C0B49D7009B639E /* ItemModel.swift in Sources */,
				2C0003331C091253007A17D9 /* ViewController.swift in Sources */,
				2C0003311C091253007A17D9 /* AppDelegate.swift in Sources */,
			);
			runOnlyForDeploymentPostprocessing = 0;
		};
		2C0003421C0912C0007A17D9 /* Sources */ = {
			isa = PBXSourcesBuildPhase;
			buildActionMask = 2147483647;
			files = (
				2C63FB821C0B49D7009B639E /* ItemModel.swift in Sources */,
				2C0003491C0912C0007A17D9 /* KeyboardViewController.swift in Sources */,
			);
			runOnlyForDeploymentPostprocessing = 0;
		};
/* End PBXSourcesBuildPhase section */

/* Begin PBXTargetDependency section */
		2C00034C1C0912C0007A17D9 /* PBXTargetDependency */ = {
			isa = PBXTargetDependency;
			target = 2C0003451C0912C0007A17D9 /* CKeyboard */;
			targetProxy = 2C00034B1C0912C0007A17D9 /* PBXContainerItemProxy */;
		};
/* End PBXTargetDependency section */

/* Begin PBXVariantGroup section */
		2C0003341C091253007A17D9 /* Main.storyboard */ = {
			isa = PBXVariantGroup;
			children = (
				2C0003351C091253007A17D9 /* Base */,
			);
			name = Main.storyboard;
			sourceTree = "<group>";
		};
		2C0003391C091253007A17D9 /* LaunchScreen.storyboard */ = {
			isa = PBXVariantGroup;
			children = (
				2C00033A1C091253007A17D9 /* Base */,
			);
			name = LaunchScreen.storyboard;
			sourceTree = "<group>";
		};
/* End PBXVariantGroup section */

/* Begin XCBuildConfiguration section */
		2C00033D1C091253007A17D9 /* Debug */ = {
			isa = XCBuildConfiguration;
			buildSettings = {
				ALWAYS_SEARCH_USER_PATHS = NO;
				CLANG_CXX_LANGUAGE_STANDARD = "gnu++0x";
				CLANG_CXX_LIBRARY = "libc++";
				CLANG_ENABLE_MODULES = YES;
				CLANG_ENABLE_OBJC_ARC = YES;
				CLANG_WARN_BOOL_CONVERSION = YES;
				CLANG_WARN_CONSTANT_CONVERSION = YES;
				CLANG_WARN_DIRECT_OBJC_ISA_USAGE = YES_ERROR;
				CLANG_WARN_EMPTY_BODY = YES;
				CLANG_WARN_ENUM_CONVERSION = YES;
				CLANG_WARN_INT_CONVERSION = YES;
				CLANG_WARN_OBJC_ROOT_CLASS = YES_ERROR;
				CLANG_WARN_UNREACHABLE_CODE = YES;
				CLANG_WARN__DUPLICATE_METHOD_MATCH = YES;
				"CODE_SIGN_IDENTITY[sdk=iphoneos*]" = "iPhone Developer";
				COPY_PHASE_STRIP = NO;
				DEBUG_INFORMATION_FORMAT = dwarf;
				ENABLE_STRICT_OBJC_MSGSEND = YES;
				ENABLE_TESTABILITY = YES;
				GCC_C_LANGUAGE_STANDARD = gnu99;
				GCC_DYNAMIC_NO_PIC = NO;
				GCC_NO_COMMON_BLOCKS = YES;
				GCC_OPTIMIZATION_LEVEL = 0;
				GCC_PREPROCESSOR_DEFINITIONS = (
					"DEBUG=1",
					"$(inherited)",
				);
				GCC_WARN_64_TO_32_BIT_CONVERSION = YES;
				GCC_WARN_ABOUT_RETURN_TYPE = YES_ERROR;
				GCC_WARN_UNDECLARED_SELECTOR = YES;
				GCC_WARN_UNINITIALIZED_AUTOS = YES_AGGRESSIVE;
				GCC_WARN_UNUSED_FUNCTION = YES;
				GCC_WARN_UNUSED_VARIABLE = YES;
				IPHONEOS_DEPLOYMENT_TARGET = 9.1;
				MTL_ENABLE_DEBUG_INFO = YES;
				ONLY_ACTIVE_ARCH = YES;
				SDKROOT = iphoneos;
				SWIFT_OPTIMIZATION_LEVEL = "-Onone";
				TARGETED_DEVICE_FAMILY = "1,2";
			};
			name = Debug;
		};
		2C00033E1C091253007A17D9 /* Release */ = {
			isa = XCBuildConfiguration;
			buildSettings = {
				ALWAYS_SEARCH_USER_PATHS = NO;
				CLANG_CXX_LANGUAGE_STANDARD = "gnu++0x";
				CLANG_CXX_LIBRARY = "libc++";
				CLANG_ENABLE_MODULES = YES;
				CLANG_ENABLE_OBJC_ARC = YES;
				CLANG_WARN_BOOL_CONVERSION = YES;
				CLANG_WARN_CONSTANT_CONVERSION = YES;
				CLANG_WARN_DIRECT_OBJC_ISA_USAGE = YES_ERROR;
				CLANG_WARN_EMPTY_BODY = YES;
				CLANG_WARN_ENUM_CONVERSION = YES;
				CLANG_WARN_INT_CONVERSION = YES;
				CLANG_WARN_OBJC_ROOT_CLASS = YES_ERROR;
				CLANG_WARN_UNREACHABLE_CODE = YES;
				CLANG_WARN__DUPLICATE_METHOD_MATCH = YES;
				"CODE_SIGN_IDENTITY[sdk=iphoneos*]" = "iPhone Developer";
				COPY_PHASE_STRIP = NO;
				DEBUG_INFORMATION_FORMAT = "dwarf-with-dsym";
				ENABLE_NS_ASSERTIONS = NO;
				ENABLE_STRICT_OBJC_MSGSEND = YES;
				GCC_C_LANGUAGE_STANDARD = gnu99;
				GCC_NO_COMMON_BLOCKS = YES;
				GCC_WARN_64_TO_32_BIT_CONVERSION = YES;
				GCC_WARN_ABOUT_RETURN_TYPE = YES_ERROR;
				GCC_WARN_UNDECLARED_SELECTOR = YES;
				GCC_WARN_UNINITIALIZED_AUTOS = YES_AGGRESSIVE;
				GCC_WARN_UNUSED_FUNCTION = YES;
				GCC_WARN_UNUSED_VARIABLE = YES;
				IPHONEOS_DEPLOYMENT_TARGET = 9.1;
				MTL_ENABLE_DEBUG_INFO = NO;
				SDKROOT = iphoneos;
				TARGETED_DEVICE_FAMILY = "1,2";
				VALIDATE_PRODUCT = YES;
			};
			name = Release;
		};
		2C0003401C091253007A17D9 /* Debug */ = {
			isa = XCBuildConfiguration;
			buildSettings = {
				ASSETCATALOG_COMPILER_APPICON_NAME = AppIcon;
				EMBEDDED_CONTENT_CONTAINS_SWIFT = YES;
				FRAMEWORK_SEARCH_PATHS = (
					"$(inherited)",
					"$(PROJECT_DIR)",
				);
				INFOPLIST_FILE = ChristinaKeyboard/Info.plist;
				IPHONEOS_DEPLOYMENT_TARGET = 8.0;
				LD_RUNPATH_SEARCH_PATHS = "$(inherited) @executable_path/Frameworks";
				PRODUCT_BUNDLE_IDENTIFIER = com.marcushirst.ChristinaKeyboard;
				PRODUCT_NAME = "$(TARGET_NAME)";
				TARGETED_DEVICE_FAMILY = "1,2";
			};
			name = Debug;
		};
		2C0003411C091253007A17D9 /* Release */ = {
			isa = XCBuildConfiguration;
			buildSettings = {
				ASSETCATALOG_COMPILER_APPICON_NAME = AppIcon;
				EMBEDDED_CONTENT_CONTAINS_SWIFT = YES;
				FRAMEWORK_SEARCH_PATHS = (
					"$(inherited)",
					"$(PROJECT_DIR)",
				);
				INFOPLIST_FILE = ChristinaKeyboard/Info.plist;
				IPHONEOS_DEPLOYMENT_TARGET = 8.0;
				LD_RUNPATH_SEARCH_PATHS = "$(inherited) @executable_path/Frameworks";
				PRODUCT_BUNDLE_IDENTIFIER = com.marcushirst.ChristinaKeyboard;
				PRODUCT_NAME = "$(TARGET_NAME)";
				TARGETED_DEVICE_FAMILY = "1,2";
			};
			name = Release;
		};
		2C00034F1C0912C0007A17D9 /* Debug */ = {
			isa = XCBuildConfiguration;
			baseConfigurationReference = 28D65F398C5A078ADF4E0461 /* Pods-CKeyboard.debug.xcconfig */;
			buildSettings = {
				FRAMEWORK_SEARCH_PATHS = (
					"$(inherited)",
					"$(PROJECT_DIR)",
				);
				INFOPLIST_FILE = CKeyboard/Info.plist;
				IPHONEOS_DEPLOYMENT_TARGET = 8.0;
				LD_RUNPATH_SEARCH_PATHS = "$(inherited) @executable_path/Frameworks @executable_path/../../Frameworks";
				PRODUCT_BUNDLE_IDENTIFIER = com.marcushirst.ChristinaKeyboard.CKeyboard;
				PRODUCT_NAME = "$(TARGET_NAME)";
				SKIP_INSTALL = YES;
			};
			name = Debug;
		};
		2C0003501C0912C0007A17D9 /* Release */ = {
			isa = XCBuildConfiguration;
			baseConfigurationReference = E4A31D245EC29354ED4EF87F /* Pods-CKeyboard.release.xcconfig */;
			buildSettings = {
				FRAMEWORK_SEARCH_PATHS = (
					"$(inherited)",
					"$(PROJECT_DIR)",
				);
				INFOPLIST_FILE = CKeyboard/Info.plist;
				IPHONEOS_DEPLOYMENT_TARGET = 8.0;
				LD_RUNPATH_SEARCH_PATHS = "$(inherited) @executable_path/Frameworks @executable_path/../../Frameworks";
				PRODUCT_BUNDLE_IDENTIFIER = com.marcushirst.ChristinaKeyboard.CKeyboard;
				PRODUCT_NAME = "$(TARGET_NAME)";
				SKIP_INSTALL = YES;
			};
			name = Release;
		};
/* End XCBuildConfiguration section */

/* Begin XCConfigurationList section */
		2C0003281C091253007A17D9 /* Build configuration list for PBXProject "ChristinaKeyboard" */ = {
			isa = XCConfigurationList;
			buildConfigurations = (
				2C00033D1C091253007A17D9 /* Debug */,
				2C00033E1C091253007A17D9 /* Release */,
			);
			defaultConfigurationIsVisible = 0;
			defaultConfigurationName = Release;
		};
		2C00033F1C091253007A17D9 /* Build configuration list for PBXNativeTarget "ChristinaKeyboard" */ = {
			isa = XCConfigurationList;
			buildConfigurations = (
				2C0003401C091253007A17D9 /* Debug */,
				2C0003411C091253007A17D9 /* Release */,
			);
			defaultConfigurationIsVisible = 0;
			defaultConfigurationName = Release;
		};
		2C00034E1C0912C0007A17D9 /* Build configuration list for PBXNativeTarget "CKeyboard" */ = {
			isa = XCConfigurationList;
			buildConfigurations = (
				2C00034F1C0912C0007A17D9 /* Debug */,
				2C0003501C0912C0007A17D9 /* Release */,
			);
			defaultConfigurationIsVisible = 0;
			defaultConfigurationName = Release;
		};
/* End XCConfigurationList section */
	};
	rootObject = 2C0003251C091253007A17D9 /* Project object */;
}
